// !$*UTF8*$!
{
	archiveVersion = 1;
	classes = {
	};
	objectVersion = 46;
	objects = {

/* Begin PBXBuildFile section */
		501A847013C7284100EE12DE /* paper.png in Resources */ = {isa = PBXBuildFile; fileRef = 501A846E13C7284100EE12DE /* paper.png */; };
		501A847313C7284A00EE12DE /* paper@2x.png in Resources */ = {isa = PBXBuildFile; fileRef = 501A847213C7284A00EE12DE /* paper@2x.png */; };
		5021BCF9141FB7CD009054DE /* EGORefreshTableHeaderView.m in Sources */ = {isa = PBXBuildFile; fileRef = 5021BCF8141FB7CD009054DE /* EGORefreshTableHeaderView.m */; };
		5021BCFD141FB812009054DE /* PullToRefreshTableViewController.m in Sources */ = {isa = PBXBuildFile; fileRef = 5021BCFC141FB812009054DE /* PullToRefreshTableViewController.m */; };
		5021BD03141FB93C009054DE /* blackArrow.png in Resources */ = {isa = PBXBuildFile; fileRef = 5021BCFF141FB93C009054DE /* blackArrow.png */; };
		5021BD04141FB93C009054DE /* blueArrow_new.png in Resources */ = {isa = PBXBuildFile; fileRef = 5021BD00141FB93C009054DE /* blueArrow_new.png */; };
		5021BD05141FB93C009054DE /* blueArrow.png in Resources */ = {isa = PBXBuildFile; fileRef = 5021BD01141FB93C009054DE /* blueArrow.png */; };
		5021BD06141FB93C009054DE /* whiteArrow.png in Resources */ = {isa = PBXBuildFile; fileRef = 5021BD02141FB93C009054DE /* whiteArrow.png */; };
		50364B3713BA14880003F9A4 /* TTTab.m in Sources */ = {isa = PBXBuildFile; fileRef = 50364B3613BA14870003F9A4 /* TTTab.m */; };
		50364B3F13BA202D0003F9A4 /* TabListViewController.m in Sources */ = {isa = PBXBuildFile; fileRef = 50364B3D13BA202C0003F9A4 /* TabListViewController.m */; };
		50364B4013BA202D0003F9A4 /* TabListViewController.xib in Resources */ = {isa = PBXBuildFile; fileRef = 50364B3E13BA202D0003F9A4 /* TabListViewController.xib */; };
		50364B4413BA2C020003F9A4 /* WebViewViewController.m in Sources */ = {isa = PBXBuildFile; fileRef = 50364B4213BA2C000003F9A4 /* WebViewViewController.m */; };
		50364B4513BA2C020003F9A4 /* WebViewViewController.xib in Resources */ = {isa = PBXBuildFile; fileRef = 50364B4313BA2C010003F9A4 /* WebViewViewController.xib */; };
		5041AD8913B8EC6500586862 /* NSObject+SBJson.m in Sources */ = {isa = PBXBuildFile; fileRef = 5041AD7113B8EC6500586862 /* NSObject+SBJson.m */; };
		5041AD8A13B8EC6500586862 /* SBJsonParser.m in Sources */ = {isa = PBXBuildFile; fileRef = 5041AD7413B8EC6500586862 /* SBJsonParser.m */; };
		5041AD8B13B8EC6500586862 /* SBJsonStreamParser.m in Sources */ = {isa = PBXBuildFile; fileRef = 5041AD7613B8EC6500586862 /* SBJsonStreamParser.m */; };
		5041AD8C13B8EC6500586862 /* SBJsonStreamParserAccumulator.m in Sources */ = {isa = PBXBuildFile; fileRef = 5041AD7813B8EC6500586862 /* SBJsonStreamParserAccumulator.m */; };
		5041AD8D13B8EC6500586862 /* SBJsonStreamParserAdapter.m in Sources */ = {isa = PBXBuildFile; fileRef = 5041AD7A13B8EC6500586862 /* SBJsonStreamParserAdapter.m */; };
		5041AD8E13B8EC6500586862 /* SBJsonStreamParserState.m in Sources */ = {isa = PBXBuildFile; fileRef = 5041AD7C13B8EC6500586862 /* SBJsonStreamParserState.m */; };
		5041AD8F13B8EC6500586862 /* SBJsonStreamWriter.m in Sources */ = {isa = PBXBuildFile; fileRef = 5041AD7E13B8EC6500586862 /* SBJsonStreamWriter.m */; };
		5041AD9013B8EC6500586862 /* SBJsonStreamWriterAccumulator.m in Sources */ = {isa = PBXBuildFile; fileRef = 5041AD8013B8EC6500586862 /* SBJsonStreamWriterAccumulator.m */; };
		5041AD9113B8EC6500586862 /* SBJsonStreamWriterState.m in Sources */ = {isa = PBXBuildFile; fileRef = 5041AD8213B8EC6500586862 /* SBJsonStreamWriterState.m */; };
		5041AD9213B8EC6500586862 /* SBJsonTokeniser.m in Sources */ = {isa = PBXBuildFile; fileRef = 5041AD8413B8EC6500586862 /* SBJsonTokeniser.m */; };
		5041AD9313B8EC6500586862 /* SBJsonUTF8Stream.m in Sources */ = {isa = PBXBuildFile; fileRef = 5041AD8613B8EC6500586862 /* SBJsonUTF8Stream.m */; };
		5041AD9413B8EC6500586862 /* SBJsonWriter.m in Sources */ = {isa = PBXBuildFile; fileRef = 5041AD8813B8EC6500586862 /* SBJsonWriter.m */; };
		50498F6C13BB8823006EBDDA /* SystemConfiguration.framework in Frameworks */ = {isa = PBXBuildFile; fileRef = 50498F6B13BB8823006EBDDA /* SystemConfiguration.framework */; };
		50498F6E13BB882F006EBDDA /* Security.framework in Frameworks */ = {isa = PBXBuildFile; fileRef = 50498F6D13BB882F006EBDDA /* Security.framework */; };
		50498F7013BB8838006EBDDA /* MessageUI.framework in Frameworks */ = {isa = PBXBuildFile; fileRef = 50498F6F13BB8838006EBDDA /* MessageUI.framework */; };
		50537C1D13C6FCB500F9E309 /* ReadabilityViewController.m in Sources */ = {isa = PBXBuildFile; fileRef = 50537C1B13C6FCB500F9E309 /* ReadabilityViewController.m */; };
		50537C1E13C6FCB500F9E309 /* ReadabilityViewController.xib in Resources */ = {isa = PBXBuildFile; fileRef = 50537C1C13C6FCB500F9E309 /* ReadabilityViewController.xib */; };
		506AE72D13BB338600134EF3 /* Helpers.m in Sources */ = {isa = PBXBuildFile; fileRef = 506AE72B13BB338500134EF3 /* Helpers.m */; };
		506BB25513B3920800B2CE85 /* BrowserListViewController.m in Sources */ = {isa = PBXBuildFile; fileRef = 506BB25313B3920800B2CE85 /* BrowserListViewController.m */; };
		506BB25613B3920800B2CE85 /* BrowserListViewController.xib in Resources */ = {isa = PBXBuildFile; fileRef = 506BB25413B3920800B2CE85 /* BrowserListViewController.xib */; };
		506BB26113B399F200B2CE85 /* TTBrowser.m in Sources */ = {isa = PBXBuildFile; fileRef = 506BB26013B399F200B2CE85 /* TTBrowser.m */; };
		507A4B4013C75E3100C2B281 /* iphone.css in Resources */ = {isa = PBXBuildFile; fileRef = 507A4B3E13C75E3100C2B281 /* iphone.css */; };
		507A4B4113C75E3100C2B281 /* readability.css in Resources */ = {isa = PBXBuildFile; fileRef = 507A4B3F13C75E3100C2B281 /* readability.css */; };
		507A4B4613C7619600C2B281 /* injectReadability.js in Resources */ = {isa = PBXBuildFile; fileRef = 507A4B4413C75F1F00C2B281 /* injectReadability.js */; };
		507A4B4713C7619900C2B281 /* readability.js in Resources */ = {isa = PBXBuildFile; fileRef = 507A4B4213C75E4500C2B281 /* readability.js */; };
		507E53A613BB9C5600CEB2A1 /* TabViewCell.m in Sources */ = {isa = PBXBuildFile; fileRef = 507E53A513BB9C5600CEB2A1 /* TabViewCell.m */; };
		507E53AF13BBA15300CEB2A1 /* CoreText.framework in Frameworks */ = {isa = PBXBuildFile; fileRef = 507E53AE13BBA15300CEB2A1 /* CoreText.framework */; };
		507E53BF13BC801300CEB2A1 /* MWImagePool.m in Sources */ = {isa = PBXBuildFile; fileRef = 507E53BE13BC801200CEB2A1 /* MWImagePool.m */; };
		5088E30213B4A4BB00D12E49 /* AddBrowserStepsViewController.m in Sources */ = {isa = PBXBuildFile; fileRef = 5088E30013B4A4BB00D12E49 /* AddBrowserStepsViewController.m */; };
		5088E30313B4A4BB00D12E49 /* AddBrowserStepsViewController.xib in Resources */ = {isa = PBXBuildFile; fileRef = 5088E30113B4A4BB00D12E49 /* AddBrowserStepsViewController.xib */; };
		5088E32513B4E48A00D12E49 /* libzbar.a in Frameworks */ = {isa = PBXBuildFile; fileRef = 5088E31F13B4E48A00D12E49 /* libzbar.a */; };
		5088E32613B4E48B00D12E49 /* zbar-back.png in Resources */ = {isa = PBXBuildFile; fileRef = 5088E32113B4E48A00D12E49 /* zbar-back.png */; };
		5088E32713B4E48B00D12E49 /* zbar-help.html in Resources */ = {isa = PBXBuildFile; fileRef = 5088E32213B4E48A00D12E49 /* zbar-help.html */; };
		5088E32813B4E48B00D12E49 /* zbar-helpicons.png in Resources */ = {isa = PBXBuildFile; fileRef = 5088E32313B4E48A00D12E49 /* zbar-helpicons.png */; };
		5088E32913B4E48B00D12E49 /* zbar-samples.png in Resources */ = {isa = PBXBuildFile; fileRef = 5088E32413B4E48A00D12E49 /* zbar-samples.png */; };
		5088E32B13B4E4DD00D12E49 /* AVFoundation.framework in Frameworks */ = {isa = PBXBuildFile; fileRef = 5088E32A13B4E4DD00D12E49 /* AVFoundation.framework */; };
		5088E32D13B4E4EB00D12E49 /* CoreMedia.framework in Frameworks */ = {isa = PBXBuildFile; fileRef = 5088E32C13B4E4EB00D12E49 /* CoreMedia.framework */; };
		5088E32F13B4E4F400D12E49 /* CoreVideo.framework in Frameworks */ = {isa = PBXBuildFile; fileRef = 5088E32E13B4E4F400D12E49 /* CoreVideo.framework */; };
		5088E33113B4E4FE00D12E49 /* QuartzCore.framework in Frameworks */ = {isa = PBXBuildFile; fileRef = 5088E33013B4E4FE00D12E49 /* QuartzCore.framework */; };
		5088E33313B4E50E00D12E49 /* libiconv.dylib in Frameworks */ = {isa = PBXBuildFile; fileRef = 5088E33213B4E50E00D12E49 /* libiconv.dylib */; };
		5091087713B3616900938AE6 /* UIKit.framework in Frameworks */ = {isa = PBXBuildFile; fileRef = 5091087613B3616900938AE6 /* UIKit.framework */; };
		5091087913B3616900938AE6 /* Foundation.framework in Frameworks */ = {isa = PBXBuildFile; fileRef = 5091087813B3616900938AE6 /* Foundation.framework */; };
		5091087B13B3616900938AE6 /* CoreGraphics.framework in Frameworks */ = {isa = PBXBuildFile; fileRef = 5091087A13B3616900938AE6 /* CoreGraphics.framework */; };
		5091088113B3616900938AE6 /* InfoPlist.strings in Resources */ = {isa = PBXBuildFile; fileRef = 5091087F13B3616900938AE6 /* InfoPlist.strings */; };
		5091088313B3616900938AE6 /* main.m in Sources */ = {isa = PBXBuildFile; fileRef = 5091088213B3616900938AE6 /* main.m */; };
		5091088713B3616A00938AE6 /* TabulatabsApp.m in Sources */ = {isa = PBXBuildFile; fileRef = 5091088613B3616A00938AE6 /* TabulatabsApp.m */; };
		5091089613B3616A00938AE6 /* SenTestingKit.framework in Frameworks */ = {isa = PBXBuildFile; fileRef = 5091089513B3616A00938AE6 /* SenTestingKit.framework */; };
		5091089713B3616A00938AE6 /* UIKit.framework in Frameworks */ = {isa = PBXBuildFile; fileRef = 5091087613B3616900938AE6 /* UIKit.framework */; };
		5091089813B3616A00938AE6 /* Foundation.framework in Frameworks */ = {isa = PBXBuildFile; fileRef = 5091087813B3616900938AE6 /* Foundation.framework */; };
		5091089913B3616A00938AE6 /* CoreGraphics.framework in Frameworks */ = {isa = PBXBuildFile; fileRef = 5091087A13B3616900938AE6 /* CoreGraphics.framework */; };
		509108A113B3616A00938AE6 /* InfoPlist.strings in Resources */ = {isa = PBXBuildFile; fileRef = 5091089F13B3616A00938AE6 /* InfoPlist.strings */; };
		509108A313B3616A00938AE6 /* tabulatabs_iosTests.h in Resources */ = {isa = PBXBuildFile; fileRef = 509108A213B3616A00938AE6 /* tabulatabs_iosTests.h */; };
		509108A513B3616A00938AE6 /* tabulatabs_iosTests.m in Sources */ = {isa = PBXBuildFile; fileRef = 509108A413B3616A00938AE6 /* tabulatabs_iosTests.m */; };
		509785A814078DAB00535B55 /* cellShadowLeft@2x.png in Resources */ = {isa = PBXBuildFile; fileRef = 509785A614078DAB00535B55 /* cellShadowLeft@2x.png */; };
		509785A914078DAB00535B55 /* cellShadowRight@2x.png in Resources */ = {isa = PBXBuildFile; fileRef = 509785A714078DAB00535B55 /* cellShadowRight@2x.png */; };
		509CC2FD141A52DD00E5011D /* NSData-AES.m in Sources */ = {isa = PBXBuildFile; fileRef = 509CC2FC141A52DD00E5011D /* NSData-AES.m */; };
		509CC300141A533400E5011D /* NSData-hex.m in Sources */ = {isa = PBXBuildFile; fileRef = 509CC2FF141A533400E5011D /* NSData-hex.m */; };
		509CC303141A556900E5011D /* NSData+Base64.m in Sources */ = {isa = PBXBuildFile; fileRef = 509CC302141A556900E5011D /* NSData+Base64.m */; };
		50E5464E13C629DA00DC5985 /* TabActionController.m in Sources */ = {isa = PBXBuildFile; fileRef = 50E5464D13C629DA00DC5985 /* TabActionController.m */; };
		50E6F66813C74034009BB757 /* ReadabilityWebView.m in Sources */ = {isa = PBXBuildFile; fileRef = 50E6F66713C74033009BB757 /* ReadabilityWebView.m */; };
		50E70B7F13B8E1E3008B9B95 /* MWJavaScriptQueue.m in Sources */ = {isa = PBXBuildFile; fileRef = 50E70B7E13B8E1E3008B9B95 /* MWJavaScriptQueue.m */; };
		50F7835813B8D2B40017FB9D /* MWURLConnection.m in Sources */ = {isa = PBXBuildFile; fileRef = 50F7835713B8D2B40017FB9D /* MWURLConnection.m */; };
/* End PBXBuildFile section */

/* Begin PBXContainerItemProxy section */
		5091089A13B3616A00938AE6 /* PBXContainerItemProxy */ = {
			isa = PBXContainerItemProxy;
			containerPortal = 5091086913B3616900938AE6 /* Project object */;
			proxyType = 1;
			remoteGlobalIDString = 5091087113B3616900938AE6;
			remoteInfo = "tabulatabs-ios";
		};
/* End PBXContainerItemProxy section */

/* Begin PBXFileReference section */
		501A846E13C7284100EE12DE /* paper.png */ = {isa = PBXFileReference; lastKnownFileType = image.png; path = paper.png; sourceTree = "<group>"; };
		501A847213C7284A00EE12DE /* paper@2x.png */ = {isa = PBXFileReference; lastKnownFileType = image.png; path = "paper@2x.png"; sourceTree = "<group>"; };
		5021BCF7141FB7CD009054DE /* EGORefreshTableHeaderView.h */ = {isa = PBXFileReference; fileEncoding = 4; lastKnownFileType = sourcecode.c.h; path = EGORefreshTableHeaderView.h; sourceTree = "<group>"; };
		5021BCF8141FB7CD009054DE /* EGORefreshTableHeaderView.m */ = {isa = PBXFileReference; fileEncoding = 4; lastKnownFileType = sourcecode.c.objc; path = EGORefreshTableHeaderView.m; sourceTree = "<group>"; };
		5021BCFB141FB812009054DE /* PullToRefreshTableViewController.h */ = {isa = PBXFileReference; fileEncoding = 4; lastKnownFileType = sourcecode.c.h; path = PullToRefreshTableViewController.h; sourceTree = "<group>"; };
		5021BCFC141FB812009054DE /* PullToRefreshTableViewController.m */ = {isa = PBXFileReference; fileEncoding = 4; lastKnownFileType = sourcecode.c.objc; path = PullToRefreshTableViewController.m; sourceTree = "<group>"; };
		5021BCFF141FB93C009054DE /* blackArrow.png */ = {isa = PBXFileReference; lastKnownFileType = image.png; path = blackArrow.png; sourceTree = "<group>"; };
		5021BD00141FB93C009054DE /* blueArrow_new.png */ = {isa = PBXFileReference; lastKnownFileType = image.png; path = blueArrow_new.png; sourceTree = "<group>"; };
		5021BD01141FB93C009054DE /* blueArrow.png */ = {isa = PBXFileReference; lastKnownFileType = image.png; path = blueArrow.png; sourceTree = "<group>"; };
		5021BD02141FB93C009054DE /* whiteArrow.png */ = {isa = PBXFileReference; lastKnownFileType = image.png; path = whiteArrow.png; sourceTree = "<group>"; };
		50364B3513BA14870003F9A4 /* TTTab.h */ = {isa = PBXFileReference; fileEncoding = 4; lastKnownFileType = sourcecode.c.h; path = TTTab.h; sourceTree = "<group>"; };
		50364B3613BA14870003F9A4 /* TTTab.m */ = {isa = PBXFileReference; fileEncoding = 4; lastKnownFileType = sourcecode.c.objc; path = TTTab.m; sourceTree = "<group>"; };
		50364B3C13BA202C0003F9A4 /* TabListViewController.h */ = {isa = PBXFileReference; fileEncoding = 4; lastKnownFileType = sourcecode.c.h; path = TabListViewController.h; sourceTree = "<group>"; };
		50364B3D13BA202C0003F9A4 /* TabListViewController.m */ = {isa = PBXFileReference; fileEncoding = 4; lastKnownFileType = sourcecode.c.objc; path = TabListViewController.m; sourceTree = "<group>"; };
		50364B3E13BA202D0003F9A4 /* TabListViewController.xib */ = {isa = PBXFileReference; fileEncoding = 4; lastKnownFileType = file.xib; path = TabListViewController.xib; sourceTree = "<group>"; };
		50364B4113BA2BFF0003F9A4 /* WebViewViewController.h */ = {isa = PBXFileReference; fileEncoding = 4; lastKnownFileType = sourcecode.c.h; path = WebViewViewController.h; sourceTree = "<group>"; };
		50364B4213BA2C000003F9A4 /* WebViewViewController.m */ = {isa = PBXFileReference; fileEncoding = 4; lastKnownFileType = sourcecode.c.objc; path = WebViewViewController.m; sourceTree = "<group>"; };
		50364B4313BA2C010003F9A4 /* WebViewViewController.xib */ = {isa = PBXFileReference; fileEncoding = 4; lastKnownFileType = file.xib; path = WebViewViewController.xib; sourceTree = "<group>"; };
		5041AD7013B8EC6500586862 /* NSObject+SBJson.h */ = {isa = PBXFileReference; fileEncoding = 4; lastKnownFileType = sourcecode.c.h; path = "NSObject+SBJson.h"; sourceTree = "<group>"; };
		5041AD7113B8EC6500586862 /* NSObject+SBJson.m */ = {isa = PBXFileReference; fileEncoding = 4; lastKnownFileType = sourcecode.c.objc; path = "NSObject+SBJson.m"; sourceTree = "<group>"; };
		5041AD7213B8EC6500586862 /* SBJson.h */ = {isa = PBXFileReference; fileEncoding = 4; lastKnownFileType = sourcecode.c.h; path = SBJson.h; sourceTree = "<group>"; };
		5041AD7313B8EC6500586862 /* SBJsonParser.h */ = {isa = PBXFileReference; fileEncoding = 4; lastKnownFileType = sourcecode.c.h; path = SBJsonParser.h; sourceTree = "<group>"; };
		5041AD7413B8EC6500586862 /* SBJsonParser.m */ = {isa = PBXFileReference; fileEncoding = 4; lastKnownFileType = sourcecode.c.objc; path = SBJsonParser.m; sourceTree = "<group>"; };
		5041AD7513B8EC6500586862 /* SBJsonStreamParser.h */ = {isa = PBXFileReference; fileEncoding = 4; lastKnownFileType = sourcecode.c.h; path = SBJsonStreamParser.h; sourceTree = "<group>"; };
		5041AD7613B8EC6500586862 /* SBJsonStreamParser.m */ = {isa = PBXFileReference; fileEncoding = 4; lastKnownFileType = sourcecode.c.objc; path = SBJsonStreamParser.m; sourceTree = "<group>"; };
		5041AD7713B8EC6500586862 /* SBJsonStreamParserAccumulator.h */ = {isa = PBXFileReference; fileEncoding = 4; lastKnownFileType = sourcecode.c.h; path = SBJsonStreamParserAccumulator.h; sourceTree = "<group>"; };
		5041AD7813B8EC6500586862 /* SBJsonStreamParserAccumulator.m */ = {isa = PBXFileReference; fileEncoding = 4; lastKnownFileType = sourcecode.c.objc; path = SBJsonStreamParserAccumulator.m; sourceTree = "<group>"; };
		5041AD7913B8EC6500586862 /* SBJsonStreamParserAdapter.h */ = {isa = PBXFileReference; fileEncoding = 4; lastKnownFileType = sourcecode.c.h; path = SBJsonStreamParserAdapter.h; sourceTree = "<group>"; };
		5041AD7A13B8EC6500586862 /* SBJsonStreamParserAdapter.m */ = {isa = PBXFileReference; fileEncoding = 4; lastKnownFileType = sourcecode.c.objc; path = SBJsonStreamParserAdapter.m; sourceTree = "<group>"; };
		5041AD7B13B8EC6500586862 /* SBJsonStreamParserState.h */ = {isa = PBXFileReference; fileEncoding = 4; lastKnownFileType = sourcecode.c.h; path = SBJsonStreamParserState.h; sourceTree = "<group>"; };
		5041AD7C13B8EC6500586862 /* SBJsonStreamParserState.m */ = {isa = PBXFileReference; fileEncoding = 4; lastKnownFileType = sourcecode.c.objc; path = SBJsonStreamParserState.m; sourceTree = "<group>"; };
		5041AD7D13B8EC6500586862 /* SBJsonStreamWriter.h */ = {isa = PBXFileReference; fileEncoding = 4; lastKnownFileType = sourcecode.c.h; path = SBJsonStreamWriter.h; sourceTree = "<group>"; };
		5041AD7E13B8EC6500586862 /* SBJsonStreamWriter.m */ = {isa = PBXFileReference; fileEncoding = 4; lastKnownFileType = sourcecode.c.objc; path = SBJsonStreamWriter.m; sourceTree = "<group>"; };
		5041AD7F13B8EC6500586862 /* SBJsonStreamWriterAccumulator.h */ = {isa = PBXFileReference; fileEncoding = 4; lastKnownFileType = sourcecode.c.h; path = SBJsonStreamWriterAccumulator.h; sourceTree = "<group>"; };
		5041AD8013B8EC6500586862 /* SBJsonStreamWriterAccumulator.m */ = {isa = PBXFileReference; fileEncoding = 4; lastKnownFileType = sourcecode.c.objc; path = SBJsonStreamWriterAccumulator.m; sourceTree = "<group>"; };
		5041AD8113B8EC6500586862 /* SBJsonStreamWriterState.h */ = {isa = PBXFileReference; fileEncoding = 4; lastKnownFileType = sourcecode.c.h; path = SBJsonStreamWriterState.h; sourceTree = "<group>"; };
		5041AD8213B8EC6500586862 /* SBJsonStreamWriterState.m */ = {isa = PBXFileReference; fileEncoding = 4; lastKnownFileType = sourcecode.c.objc; path = SBJsonStreamWriterState.m; sourceTree = "<group>"; };
		5041AD8313B8EC6500586862 /* SBJsonTokeniser.h */ = {isa = PBXFileReference; fileEncoding = 4; lastKnownFileType = sourcecode.c.h; path = SBJsonTokeniser.h; sourceTree = "<group>"; };
		5041AD8413B8EC6500586862 /* SBJsonTokeniser.m */ = {isa = PBXFileReference; fileEncoding = 4; lastKnownFileType = sourcecode.c.objc; path = SBJsonTokeniser.m; sourceTree = "<group>"; };
		5041AD8513B8EC6500586862 /* SBJsonUTF8Stream.h */ = {isa = PBXFileReference; fileEncoding = 4; lastKnownFileType = sourcecode.c.h; path = SBJsonUTF8Stream.h; sourceTree = "<group>"; };
		5041AD8613B8EC6500586862 /* SBJsonUTF8Stream.m */ = {isa = PBXFileReference; fileEncoding = 4; lastKnownFileType = sourcecode.c.objc; path = SBJsonUTF8Stream.m; sourceTree = "<group>"; };
		5041AD8713B8EC6500586862 /* SBJsonWriter.h */ = {isa = PBXFileReference; fileEncoding = 4; lastKnownFileType = sourcecode.c.h; path = SBJsonWriter.h; sourceTree = "<group>"; };
		5041AD8813B8EC6500586862 /* SBJsonWriter.m */ = {isa = PBXFileReference; fileEncoding = 4; lastKnownFileType = sourcecode.c.objc; path = SBJsonWriter.m; sourceTree = "<group>"; };
		50498F6B13BB8823006EBDDA /* SystemConfiguration.framework */ = {isa = PBXFileReference; lastKnownFileType = wrapper.framework; name = SystemConfiguration.framework; path = System/Library/Frameworks/SystemConfiguration.framework; sourceTree = SDKROOT; };
		50498F6D13BB882F006EBDDA /* Security.framework */ = {isa = PBXFileReference; lastKnownFileType = wrapper.framework; name = Security.framework; path = System/Library/Frameworks/Security.framework; sourceTree = SDKROOT; };
		50498F6F13BB8838006EBDDA /* MessageUI.framework */ = {isa = PBXFileReference; lastKnownFileType = wrapper.framework; name = MessageUI.framework; path = System/Library/Frameworks/MessageUI.framework; sourceTree = SDKROOT; };
		50537C1A13C6FCB500F9E309 /* ReadabilityViewController.h */ = {isa = PBXFileReference; fileEncoding = 4; lastKnownFileType = sourcecode.c.h; path = ReadabilityViewController.h; sourceTree = "<group>"; };
		50537C1B13C6FCB500F9E309 /* ReadabilityViewController.m */ = {isa = PBXFileReference; fileEncoding = 4; lastKnownFileType = sourcecode.c.objc; path = ReadabilityViewController.m; sourceTree = "<group>"; };
		50537C1C13C6FCB500F9E309 /* ReadabilityViewController.xib */ = {isa = PBXFileReference; fileEncoding = 4; lastKnownFileType = file.xib; path = ReadabilityViewController.xib; sourceTree = "<group>"; };
		506AE72B13BB338500134EF3 /* Helpers.m */ = {isa = PBXFileReference; fileEncoding = 4; lastKnownFileType = sourcecode.c.objc; path = Helpers.m; sourceTree = "<group>"; };
		506AE72C13BB338500134EF3 /* Helpers.h */ = {isa = PBXFileReference; fileEncoding = 4; lastKnownFileType = sourcecode.c.h; path = Helpers.h; sourceTree = "<group>"; };
		506BB25213B3920800B2CE85 /* BrowserListViewController.h */ = {isa = PBXFileReference; fileEncoding = 4; lastKnownFileType = sourcecode.c.h; path = BrowserListViewController.h; sourceTree = "<group>"; };
		506BB25313B3920800B2CE85 /* BrowserListViewController.m */ = {isa = PBXFileReference; fileEncoding = 4; lastKnownFileType = sourcecode.c.objc; path = BrowserListViewController.m; sourceTree = "<group>"; };
		506BB25413B3920800B2CE85 /* BrowserListViewController.xib */ = {isa = PBXFileReference; fileEncoding = 4; lastKnownFileType = file.xib; path = BrowserListViewController.xib; sourceTree = "<group>"; };
		506BB25F13B399F200B2CE85 /* TTBrowser.h */ = {isa = PBXFileReference; fileEncoding = 4; lastKnownFileType = sourcecode.c.h; path = TTBrowser.h; sourceTree = "<group>"; };
		506BB26013B399F200B2CE85 /* TTBrowser.m */ = {isa = PBXFileReference; fileEncoding = 4; lastKnownFileType = sourcecode.c.objc; path = TTBrowser.m; sourceTree = "<group>"; };
		507A4B3E13C75E3100C2B281 /* iphone.css */ = {isa = PBXFileReference; fileEncoding = 4; lastKnownFileType = text.css; path = iphone.css; sourceTree = "<group>"; };
		507A4B3F13C75E3100C2B281 /* readability.css */ = {isa = PBXFileReference; fileEncoding = 4; lastKnownFileType = text.css; path = readability.css; sourceTree = "<group>"; };
		507A4B4213C75E4500C2B281 /* readability.js */ = {isa = PBXFileReference; fileEncoding = 4; lastKnownFileType = sourcecode.javascript; path = readability.js; sourceTree = "<group>"; };
		507A4B4413C75F1F00C2B281 /* injectReadability.js */ = {isa = PBXFileReference; fileEncoding = 4; lastKnownFileType = sourcecode.javascript; path = injectReadability.js; sourceTree = "<group>"; };
		507E53A413BB9C5600CEB2A1 /* TabViewCell.h */ = {isa = PBXFileReference; fileEncoding = 4; lastKnownFileType = sourcecode.c.h; path = TabViewCell.h; sourceTree = "<group>"; };
		507E53A513BB9C5600CEB2A1 /* TabViewCell.m */ = {isa = PBXFileReference; fileEncoding = 4; lastKnownFileType = sourcecode.c.objc; path = TabViewCell.m; sourceTree = "<group>"; };
		507E53AE13BBA15300CEB2A1 /* CoreText.framework */ = {isa = PBXFileReference; lastKnownFileType = wrapper.framework; name = CoreText.framework; path = System/Library/Frameworks/CoreText.framework; sourceTree = SDKROOT; };
		507E53BD13BC801200CEB2A1 /* MWImagePool.h */ = {isa = PBXFileReference; fileEncoding = 4; lastKnownFileType = sourcecode.c.h; path = MWImagePool.h; sourceTree = "<group>"; };
		507E53BE13BC801200CEB2A1 /* MWImagePool.m */ = {isa = PBXFileReference; fileEncoding = 4; lastKnownFileType = sourcecode.c.objc; path = MWImagePool.m; sourceTree = "<group>"; };
		5088E2FF13B4A4BB00D12E49 /* AddBrowserStepsViewController.h */ = {isa = PBXFileReference; fileEncoding = 4; lastKnownFileType = sourcecode.c.h; path = AddBrowserStepsViewController.h; sourceTree = "<group>"; };
		5088E30013B4A4BB00D12E49 /* AddBrowserStepsViewController.m */ = {isa = PBXFileReference; fileEncoding = 4; lastKnownFileType = sourcecode.c.objc; path = AddBrowserStepsViewController.m; sourceTree = "<group>"; };
		5088E30113B4A4BB00D12E49 /* AddBrowserStepsViewController.xib */ = {isa = PBXFileReference; fileEncoding = 4; lastKnownFileType = file.xib; path = AddBrowserStepsViewController.xib; sourceTree = "<group>"; };
		5088E30C13B4E48A00D12E49 /* Decoder.h */ = {isa = PBXFileReference; fileEncoding = 4; lastKnownFileType = sourcecode.c.h; path = Decoder.h; sourceTree = "<group>"; };
		5088E30D13B4E48A00D12E49 /* Exception.h */ = {isa = PBXFileReference; fileEncoding = 4; lastKnownFileType = sourcecode.c.h; path = Exception.h; sourceTree = "<group>"; };
		5088E30E13B4E48A00D12E49 /* Image.h */ = {isa = PBXFileReference; fileEncoding = 4; lastKnownFileType = sourcecode.c.h; path = Image.h; sourceTree = "<group>"; };
		5088E30F13B4E48A00D12E49 /* ImageScanner.h */ = {isa = PBXFileReference; fileEncoding = 4; lastKnownFileType = sourcecode.c.h; path = ImageScanner.h; sourceTree = "<group>"; };
		5088E31013B4E48A00D12E49 /* Processor.h */ = {isa = PBXFileReference; fileEncoding = 4; lastKnownFileType = sourcecode.c.h; path = Processor.h; sourceTree = "<group>"; };
		5088E31113B4E48A00D12E49 /* Scanner.h */ = {isa = PBXFileReference; fileEncoding = 4; lastKnownFileType = sourcecode.c.h; path = Scanner.h; sourceTree = "<group>"; };
		5088E31213B4E48A00D12E49 /* Symbol.h */ = {isa = PBXFileReference; fileEncoding = 4; lastKnownFileType = sourcecode.c.h; path = Symbol.h; sourceTree = "<group>"; };
		5088E31313B4E48A00D12E49 /* Video.h */ = {isa = PBXFileReference; fileEncoding = 4; lastKnownFileType = sourcecode.c.h; path = Video.h; sourceTree = "<group>"; };
		5088E31413B4E48A00D12E49 /* Window.h */ = {isa = PBXFileReference; fileEncoding = 4; lastKnownFileType = sourcecode.c.h; path = Window.h; sourceTree = "<group>"; };
		5088E31513B4E48A00D12E49 /* zbar.h */ = {isa = PBXFileReference; fileEncoding = 4; lastKnownFileType = sourcecode.c.h; path = zbar.h; sourceTree = "<group>"; };
		5088E31613B4E48A00D12E49 /* ZBarCaptureReader.h */ = {isa = PBXFileReference; fileEncoding = 4; lastKnownFileType = sourcecode.c.h; path = ZBarCaptureReader.h; sourceTree = "<group>"; };
		5088E31713B4E48A00D12E49 /* ZBarHelpController.h */ = {isa = PBXFileReference; fileEncoding = 4; lastKnownFileType = sourcecode.c.h; path = ZBarHelpController.h; sourceTree = "<group>"; };
		5088E31813B4E48A00D12E49 /* ZBarImage.h */ = {isa = PBXFileReference; fileEncoding = 4; lastKnownFileType = sourcecode.c.h; path = ZBarImage.h; sourceTree = "<group>"; };
		5088E31913B4E48A00D12E49 /* ZBarImageScanner.h */ = {isa = PBXFileReference; fileEncoding = 4; lastKnownFileType = sourcecode.c.h; path = ZBarImageScanner.h; sourceTree = "<group>"; };
		5088E31A13B4E48A00D12E49 /* ZBarReaderController.h */ = {isa = PBXFileReference; fileEncoding = 4; lastKnownFileType = sourcecode.c.h; path = ZBarReaderController.h; sourceTree = "<group>"; };
		5088E31B13B4E48A00D12E49 /* ZBarReaderView.h */ = {isa = PBXFileReference; fileEncoding = 4; lastKnownFileType = sourcecode.c.h; path = ZBarReaderView.h; sourceTree = "<group>"; };
		5088E31C13B4E48A00D12E49 /* ZBarReaderViewController.h */ = {isa = PBXFileReference; fileEncoding = 4; lastKnownFileType = sourcecode.c.h; path = ZBarReaderViewController.h; sourceTree = "<group>"; };
		5088E31D13B4E48A00D12E49 /* ZBarSDK.h */ = {isa = PBXFileReference; fileEncoding = 4; lastKnownFileType = sourcecode.c.h; path = ZBarSDK.h; sourceTree = "<group>"; };
		5088E31E13B4E48A00D12E49 /* ZBarSymbol.h */ = {isa = PBXFileReference; fileEncoding = 4; lastKnownFileType = sourcecode.c.h; path = ZBarSymbol.h; sourceTree = "<group>"; };
		5088E31F13B4E48A00D12E49 /* libzbar.a */ = {isa = PBXFileReference; lastKnownFileType = archive.ar; path = libzbar.a; sourceTree = "<group>"; };
		5088E32113B4E48A00D12E49 /* zbar-back.png */ = {isa = PBXFileReference; lastKnownFileType = image.png; path = "zbar-back.png"; sourceTree = "<group>"; };
		5088E32213B4E48A00D12E49 /* zbar-help.html */ = {isa = PBXFileReference; fileEncoding = 4; lastKnownFileType = text.html; path = "zbar-help.html"; sourceTree = "<group>"; };
		5088E32313B4E48A00D12E49 /* zbar-helpicons.png */ = {isa = PBXFileReference; lastKnownFileType = image.png; path = "zbar-helpicons.png"; sourceTree = "<group>"; };
		5088E32413B4E48A00D12E49 /* zbar-samples.png */ = {isa = PBXFileReference; lastKnownFileType = image.png; path = "zbar-samples.png"; sourceTree = "<group>"; };
		5088E32A13B4E4DD00D12E49 /* AVFoundation.framework */ = {isa = PBXFileReference; lastKnownFileType = wrapper.framework; name = AVFoundation.framework; path = System/Library/Frameworks/AVFoundation.framework; sourceTree = SDKROOT; };
		5088E32C13B4E4EB00D12E49 /* CoreMedia.framework */ = {isa = PBXFileReference; lastKnownFileType = wrapper.framework; name = CoreMedia.framework; path = System/Library/Frameworks/CoreMedia.framework; sourceTree = SDKROOT; };
		5088E32E13B4E4F400D12E49 /* CoreVideo.framework */ = {isa = PBXFileReference; lastKnownFileType = wrapper.framework; name = CoreVideo.framework; path = System/Library/Frameworks/CoreVideo.framework; sourceTree = SDKROOT; };
		5088E33013B4E4FE00D12E49 /* QuartzCore.framework */ = {isa = PBXFileReference; lastKnownFileType = wrapper.framework; name = QuartzCore.framework; path = System/Library/Frameworks/QuartzCore.framework; sourceTree = SDKROOT; };
		5088E33213B4E50E00D12E49 /* libiconv.dylib */ = {isa = PBXFileReference; lastKnownFileType = "compiled.mach-o.dylib"; name = libiconv.dylib; path = usr/lib/libiconv.dylib; sourceTree = SDKROOT; };
		5091087213B3616900938AE6 /* TabulaTab.app */ = {isa = PBXFileReference; explicitFileType = wrapper.application; includeInIndex = 0; path = TabulaTab.app; sourceTree = BUILT_PRODUCTS_DIR; };
		5091087613B3616900938AE6 /* UIKit.framework */ = {isa = PBXFileReference; lastKnownFileType = wrapper.framework; name = UIKit.framework; path = System/Library/Frameworks/UIKit.framework; sourceTree = SDKROOT; };
		5091087813B3616900938AE6 /* Foundation.framework */ = {isa = PBXFileReference; lastKnownFileType = wrapper.framework; name = Foundation.framework; path = System/Library/Frameworks/Foundation.framework; sourceTree = SDKROOT; };
		5091087A13B3616900938AE6 /* CoreGraphics.framework */ = {isa = PBXFileReference; lastKnownFileType = wrapper.framework; name = CoreGraphics.framework; path = System/Library/Frameworks/CoreGraphics.framework; sourceTree = SDKROOT; };
		5091087E13B3616900938AE6 /* tabulatabs-ios-Info.plist */ = {isa = PBXFileReference; lastKnownFileType = text.plist.xml; path = "tabulatabs-ios-Info.plist"; sourceTree = "<group>"; };
		5091088013B3616900938AE6 /* en */ = {isa = PBXFileReference; lastKnownFileType = text.plist.strings; name = en; path = en.lproj/InfoPlist.strings; sourceTree = "<group>"; };
		5091088213B3616900938AE6 /* main.m */ = {isa = PBXFileReference; lastKnownFileType = sourcecode.c.objc; path = main.m; sourceTree = "<group>"; };
		5091088413B3616900938AE6 /* tabulatabs-ios-Prefix.pch */ = {isa = PBXFileReference; lastKnownFileType = sourcecode.c.h; path = "tabulatabs-ios-Prefix.pch"; sourceTree = "<group>"; };
		5091088513B3616900938AE6 /* TabulatabsApp.h */ = {isa = PBXFileReference; lastKnownFileType = sourcecode.c.h; path = TabulatabsApp.h; sourceTree = "<group>"; };
		5091088613B3616A00938AE6 /* TabulatabsApp.m */ = {isa = PBXFileReference; lastKnownFileType = sourcecode.c.objc; path = TabulatabsApp.m; sourceTree = "<group>"; };
		5091089413B3616A00938AE6 /* tabulatabs-iosTests.octest */ = {isa = PBXFileReference; explicitFileType = wrapper.cfbundle; includeInIndex = 0; path = "tabulatabs-iosTests.octest"; sourceTree = BUILT_PRODUCTS_DIR; };
		5091089513B3616A00938AE6 /* SenTestingKit.framework */ = {isa = PBXFileReference; lastKnownFileType = wrapper.framework; name = SenTestingKit.framework; path = Library/Frameworks/SenTestingKit.framework; sourceTree = DEVELOPER_DIR; };
		5091089E13B3616A00938AE6 /* tabulatabs-iosTests-Info.plist */ = {isa = PBXFileReference; lastKnownFileType = text.plist.xml; path = "tabulatabs-iosTests-Info.plist"; sourceTree = "<group>"; };
		509108A013B3616A00938AE6 /* en */ = {isa = PBXFileReference; lastKnownFileType = text.plist.strings; name = en; path = en.lproj/InfoPlist.strings; sourceTree = "<group>"; };
		509108A213B3616A00938AE6 /* tabulatabs_iosTests.h */ = {isa = PBXFileReference; lastKnownFileType = sourcecode.c.h; path = tabulatabs_iosTests.h; sourceTree = "<group>"; };
		509108A413B3616A00938AE6 /* tabulatabs_iosTests.m */ = {isa = PBXFileReference; lastKnownFileType = sourcecode.c.objc; path = tabulatabs_iosTests.m; sourceTree = "<group>"; };
		509785A614078DAB00535B55 /* cellShadowLeft@2x.png */ = {isa = PBXFileReference; lastKnownFileType = image.png; path = "cellShadowLeft@2x.png"; sourceTree = "<group>"; };
		509785A714078DAB00535B55 /* cellShadowRight@2x.png */ = {isa = PBXFileReference; lastKnownFileType = image.png; path = "cellShadowRight@2x.png"; sourceTree = "<group>"; };
		509CC2FB141A52DD00E5011D /* NSData-AES.h */ = {isa = PBXFileReference; fileEncoding = 4; lastKnownFileType = sourcecode.c.h; path = "NSData-AES.h"; sourceTree = "<group>"; };
		509CC2FC141A52DD00E5011D /* NSData-AES.m */ = {isa = PBXFileReference; fileEncoding = 4; lastKnownFileType = sourcecode.c.objc; path = "NSData-AES.m"; sourceTree = "<group>"; };
		509CC2FE141A533400E5011D /* NSData-hex.h */ = {isa = PBXFileReference; fileEncoding = 4; lastKnownFileType = sourcecode.c.h; path = "NSData-hex.h"; sourceTree = "<group>"; };
		509CC2FF141A533400E5011D /* NSData-hex.m */ = {isa = PBXFileReference; fileEncoding = 4; lastKnownFileType = sourcecode.c.objc; path = "NSData-hex.m"; sourceTree = "<group>"; };
		509CC301141A556800E5011D /* NSData+Base64.h */ = {isa = PBXFileReference; fileEncoding = 4; lastKnownFileType = sourcecode.c.h; path = "NSData+Base64.h"; sourceTree = "<group>"; };
		509CC302141A556900E5011D /* NSData+Base64.m */ = {isa = PBXFileReference; fileEncoding = 4; lastKnownFileType = sourcecode.c.objc; path = "NSData+Base64.m"; sourceTree = "<group>"; };
		50E5464C13C629DA00DC5985 /* TabActionController.h */ = {isa = PBXFileReference; fileEncoding = 4; lastKnownFileType = sourcecode.c.h; path = TabActionController.h; sourceTree = "<group>"; };
		50E5464D13C629DA00DC5985 /* TabActionController.m */ = {isa = PBXFileReference; fileEncoding = 4; lastKnownFileType = sourcecode.c.objc; path = TabActionController.m; sourceTree = "<group>"; };
		50E6F66613C74033009BB757 /* ReadabilityWebView.h */ = {isa = PBXFileReference; fileEncoding = 4; lastKnownFileType = sourcecode.c.h; path = ReadabilityWebView.h; sourceTree = "<group>"; };
		50E6F66713C74033009BB757 /* ReadabilityWebView.m */ = {isa = PBXFileReference; fileEncoding = 4; lastKnownFileType = sourcecode.c.objc; path = ReadabilityWebView.m; sourceTree = "<group>"; };
		50E70B7D13B8E1E3008B9B95 /* MWJavaScriptQueue.h */ = {isa = PBXFileReference; fileEncoding = 4; lastKnownFileType = sourcecode.c.h; name = MWJavaScriptQueue.h; path = ../MWJavaScriptQueue.h; sourceTree = "<group>"; };
		50E70B7E13B8E1E3008B9B95 /* MWJavaScriptQueue.m */ = {isa = PBXFileReference; fileEncoding = 4; lastKnownFileType = sourcecode.c.objc; name = MWJavaScriptQueue.m; path = ../MWJavaScriptQueue.m; sourceTree = "<group>"; };
		50F7835613B8D2B40017FB9D /* MWURLConnection.h */ = {isa = PBXFileReference; fileEncoding = 4; lastKnownFileType = sourcecode.c.h; name = MWURLConnection.h; path = ../MWURLConnection.h; sourceTree = "<group>"; };
		50F7835713B8D2B40017FB9D /* MWURLConnection.m */ = {isa = PBXFileReference; fileEncoding = 4; lastKnownFileType = sourcecode.c.objc; name = MWURLConnection.m; path = ../MWURLConnection.m; sourceTree = "<group>"; };
/* End PBXFileReference section */

/* Begin PBXFrameworksBuildPhase section */
		5091086F13B3616900938AE6 /* Frameworks */ = {
			isa = PBXFrameworksBuildPhase;
			buildActionMask = 2147483647;
			files = (
				507E53AF13BBA15300CEB2A1 /* CoreText.framework in Frameworks */,
				50498F7013BB8838006EBDDA /* MessageUI.framework in Frameworks */,
				50498F6E13BB882F006EBDDA /* Security.framework in Frameworks */,
				50498F6C13BB8823006EBDDA /* SystemConfiguration.framework in Frameworks */,
				5088E33313B4E50E00D12E49 /* libiconv.dylib in Frameworks */,
				5088E33113B4E4FE00D12E49 /* QuartzCore.framework in Frameworks */,
				5088E32F13B4E4F400D12E49 /* CoreVideo.framework in Frameworks */,
				5088E32D13B4E4EB00D12E49 /* CoreMedia.framework in Frameworks */,
				5088E32B13B4E4DD00D12E49 /* AVFoundation.framework in Frameworks */,
				5091087713B3616900938AE6 /* UIKit.framework in Frameworks */,
				5091087913B3616900938AE6 /* Foundation.framework in Frameworks */,
				5091087B13B3616900938AE6 /* CoreGraphics.framework in Frameworks */,
				5088E32513B4E48A00D12E49 /* libzbar.a in Frameworks */,
			);
			runOnlyForDeploymentPostprocessing = 0;
		};
		5091089013B3616A00938AE6 /* Frameworks */ = {
			isa = PBXFrameworksBuildPhase;
			buildActionMask = 2147483647;
			files = (
				5091089613B3616A00938AE6 /* SenTestingKit.framework in Frameworks */,
				5091089713B3616A00938AE6 /* UIKit.framework in Frameworks */,
				5091089813B3616A00938AE6 /* Foundation.framework in Frameworks */,
				5091089913B3616A00938AE6 /* CoreGraphics.framework in Frameworks */,
			);
			runOnlyForDeploymentPostprocessing = 0;
		};
/* End PBXFrameworksBuildPhase section */

/* Begin PBXGroup section */
		501A846D13C7282B00EE12DE /* Readability */ = {
			isa = PBXGroup;
			children = (
				507A4B4413C75F1F00C2B281 /* injectReadability.js */,
				507A4B3E13C75E3100C2B281 /* iphone.css */,
				507A4B3F13C75E3100C2B281 /* readability.css */,
				507A4B4213C75E4500C2B281 /* readability.js */,
				50537C1A13C6FCB500F9E309 /* ReadabilityViewController.h */,
				50537C1B13C6FCB500F9E309 /* ReadabilityViewController.m */,
				50537C1C13C6FCB500F9E309 /* ReadabilityViewController.xib */,
				50E6F66613C74033009BB757 /* ReadabilityWebView.h */,
				50E6F66713C74033009BB757 /* ReadabilityWebView.m */,
				501A846E13C7284100EE12DE /* paper.png */,
				501A847213C7284A00EE12DE /* paper@2x.png */,
			);
			name = Readability;
			sourceTree = "<group>";
		};
		5021BCFE141FB8C0009054DE /* EGOTableViewPullRefresh */ = {
			isa = PBXGroup;
			children = (
				5021BCFF141FB93C009054DE /* blackArrow.png */,
				5021BD00141FB93C009054DE /* blueArrow_new.png */,
				5021BD01141FB93C009054DE /* blueArrow.png */,
				5021BD02141FB93C009054DE /* whiteArrow.png */,
				5021BCF7141FB7CD009054DE /* EGORefreshTableHeaderView.h */,
				5021BCF8141FB7CD009054DE /* EGORefreshTableHeaderView.m */,
				5021BCFB141FB812009054DE /* PullToRefreshTableViewController.h */,
				5021BCFC141FB812009054DE /* PullToRefreshTableViewController.m */,
			);
			name = EGOTableViewPullRefresh;
			sourceTree = "<group>";
		};
		50364B3813BA14930003F9A4 /* Tabulatabs */ = {
			isa = PBXGroup;
			children = (
				506BB25F13B399F200B2CE85 /* TTBrowser.h */,
				506BB26013B399F200B2CE85 /* TTBrowser.m */,
				50364B3513BA14870003F9A4 /* TTTab.h */,
				50364B3613BA14870003F9A4 /* TTTab.m */,
				50E5464C13C629DA00DC5985 /* TabActionController.h */,
				50E5464D13C629DA00DC5985 /* TabActionController.m */,
			);
			name = Tabulatabs;
			sourceTree = "<group>";
		};
		50364B4613BA2C710003F9A4 /* ViewController */ = {
			isa = PBXGroup;
			children = (
				5088E2FF13B4A4BB00D12E49 /* AddBrowserStepsViewController.h */,
				5088E30013B4A4BB00D12E49 /* AddBrowserStepsViewController.m */,
				5088E30113B4A4BB00D12E49 /* AddBrowserStepsViewController.xib */,
				506BB25213B3920800B2CE85 /* BrowserListViewController.h */,
				506BB25313B3920800B2CE85 /* BrowserListViewController.m */,
				506BB25413B3920800B2CE85 /* BrowserListViewController.xib */,
				50364B4113BA2BFF0003F9A4 /* WebViewViewController.h */,
				50364B4213BA2C000003F9A4 /* WebViewViewController.m */,
				50364B4313BA2C010003F9A4 /* WebViewViewController.xib */,
			);
			name = ViewController;
			sourceTree = "<group>";
		};
		5041AD6F13B8EC6500586862 /* JSON */ = {
			isa = PBXGroup;
			children = (
				5041AD7013B8EC6500586862 /* NSObject+SBJson.h */,
				5041AD7113B8EC6500586862 /* NSObject+SBJson.m */,
				5041AD7213B8EC6500586862 /* SBJson.h */,
				5041AD7313B8EC6500586862 /* SBJsonParser.h */,
				5041AD7413B8EC6500586862 /* SBJsonParser.m */,
				5041AD7513B8EC6500586862 /* SBJsonStreamParser.h */,
				5041AD7613B8EC6500586862 /* SBJsonStreamParser.m */,
				5041AD7713B8EC6500586862 /* SBJsonStreamParserAccumulator.h */,
				5041AD7813B8EC6500586862 /* SBJsonStreamParserAccumulator.m */,
				5041AD7913B8EC6500586862 /* SBJsonStreamParserAdapter.h */,
				5041AD7A13B8EC6500586862 /* SBJsonStreamParserAdapter.m */,
				5041AD7B13B8EC6500586862 /* SBJsonStreamParserState.h */,
				5041AD7C13B8EC6500586862 /* SBJsonStreamParserState.m */,
				5041AD7D13B8EC6500586862 /* SBJsonStreamWriter.h */,
				5041AD7E13B8EC6500586862 /* SBJsonStreamWriter.m */,
				5041AD7F13B8EC6500586862 /* SBJsonStreamWriterAccumulator.h */,
				5041AD8013B8EC6500586862 /* SBJsonStreamWriterAccumulator.m */,
				5041AD8113B8EC6500586862 /* SBJsonStreamWriterState.h */,
				5041AD8213B8EC6500586862 /* SBJsonStreamWriterState.m */,
				5041AD8313B8EC6500586862 /* SBJsonTokeniser.h */,
				5041AD8413B8EC6500586862 /* SBJsonTokeniser.m */,
				5041AD8513B8EC6500586862 /* SBJsonUTF8Stream.h */,
				5041AD8613B8EC6500586862 /* SBJsonUTF8Stream.m */,
				5041AD8713B8EC6500586862 /* SBJsonWriter.h */,
				5041AD8813B8EC6500586862 /* SBJsonWriter.m */,
			);
			name = JSON;
			path = Classes;
			sourceTree = "<group>";
		};
		50498F7113BB8882006EBDDA /* External Frameworks */ = {
			isa = PBXGroup;
			children = (
				5021BCFE141FB8C0009054DE /* EGOTableViewPullRefresh */,
				509CC301141A556800E5011D /* NSData+Base64.h */,
				509CC302141A556900E5011D /* NSData+Base64.m */,
				509CC2FB141A52DD00E5011D /* NSData-AES.h */,
				509CC2FC141A52DD00E5011D /* NSData-AES.m */,
				5041AD6F13B8EC6500586862 /* JSON */,
				5088E30813B4E48A00D12E49 /* ZBarSDK */,
				509CC2FE141A533400E5011D /* NSData-hex.h */,
				509CC2FF141A533400E5011D /* NSData-hex.m */,
			);
			name = "External Frameworks";
			sourceTree = "<group>";
		};
		5088E30813B4E48A00D12E49 /* ZBarSDK */ = {
			isa = PBXGroup;
			children = (
				5088E30913B4E48A00D12E49 /* Headers */,
				5088E31F13B4E48A00D12E49 /* libzbar.a */,
				5088E32013B4E48A00D12E49 /* Resources */,
			);
			path = ZBarSDK;
			sourceTree = "<group>";
		};
		5088E30913B4E48A00D12E49 /* Headers */ = {
			isa = PBXGroup;
			children = (
				5088E30A13B4E48A00D12E49 /* ZBarSDK */,
			);
			path = Headers;
			sourceTree = "<group>";
		};
		5088E30A13B4E48A00D12E49 /* ZBarSDK */ = {
			isa = PBXGroup;
			children = (
				5088E30B13B4E48A00D12E49 /* zbar */,
				5088E31513B4E48A00D12E49 /* zbar.h */,
				5088E31613B4E48A00D12E49 /* ZBarCaptureReader.h */,
				5088E31713B4E48A00D12E49 /* ZBarHelpController.h */,
				5088E31813B4E48A00D12E49 /* ZBarImage.h */,
				5088E31913B4E48A00D12E49 /* ZBarImageScanner.h */,
				5088E31A13B4E48A00D12E49 /* ZBarReaderController.h */,
				5088E31B13B4E48A00D12E49 /* ZBarReaderView.h */,
				5088E31C13B4E48A00D12E49 /* ZBarReaderViewController.h */,
				5088E31D13B4E48A00D12E49 /* ZBarSDK.h */,
				5088E31E13B4E48A00D12E49 /* ZBarSymbol.h */,
			);
			path = ZBarSDK;
			sourceTree = "<group>";
		};
		5088E30B13B4E48A00D12E49 /* zbar */ = {
			isa = PBXGroup;
			children = (
				5088E30C13B4E48A00D12E49 /* Decoder.h */,
				5088E30D13B4E48A00D12E49 /* Exception.h */,
				5088E30E13B4E48A00D12E49 /* Image.h */,
				5088E30F13B4E48A00D12E49 /* ImageScanner.h */,
				5088E31013B4E48A00D12E49 /* Processor.h */,
				5088E31113B4E48A00D12E49 /* Scanner.h */,
				5088E31213B4E48A00D12E49 /* Symbol.h */,
				5088E31313B4E48A00D12E49 /* Video.h */,
				5088E31413B4E48A00D12E49 /* Window.h */,
			);
			path = zbar;
			sourceTree = "<group>";
		};
		5088E32013B4E48A00D12E49 /* Resources */ = {
			isa = PBXGroup;
			children = (
				5088E32113B4E48A00D12E49 /* zbar-back.png */,
				5088E32213B4E48A00D12E49 /* zbar-help.html */,
				5088E32313B4E48A00D12E49 /* zbar-helpicons.png */,
				5088E32413B4E48A00D12E49 /* zbar-samples.png */,
			);
			path = Resources;
			sourceTree = "<group>";
		};
		5091086713B3616900938AE6 = {
			isa = PBXGroup;
			children = (
				507E53AE13BBA15300CEB2A1 /* CoreText.framework */,
				5091087C13B3616900938AE6 /* tabulatabs-ios */,
				5091089C13B3616A00938AE6 /* tabulatabs-iosTests */,
				5091087513B3616900938AE6 /* Frameworks */,
				5091087313B3616900938AE6 /* Products */,
			);
			sourceTree = "<group>";
		};
		5091087313B3616900938AE6 /* Products */ = {
			isa = PBXGroup;
			children = (
				5091087213B3616900938AE6 /* TabulaTab.app */,
				5091089413B3616A00938AE6 /* tabulatabs-iosTests.octest */,
			);
			name = Products;
			sourceTree = "<group>";
		};
		5091087513B3616900938AE6 /* Frameworks */ = {
			isa = PBXGroup;
			children = (
				50498F6F13BB8838006EBDDA /* MessageUI.framework */,
				50498F6D13BB882F006EBDDA /* Security.framework */,
				50498F6B13BB8823006EBDDA /* SystemConfiguration.framework */,
				5088E33213B4E50E00D12E49 /* libiconv.dylib */,
				5088E33013B4E4FE00D12E49 /* QuartzCore.framework */,
				5088E32E13B4E4F400D12E49 /* CoreVideo.framework */,
				5088E32C13B4E4EB00D12E49 /* CoreMedia.framework */,
				5088E32A13B4E4DD00D12E49 /* AVFoundation.framework */,
				5091087613B3616900938AE6 /* UIKit.framework */,
				5091087813B3616900938AE6 /* Foundation.framework */,
				5091087A13B3616900938AE6 /* CoreGraphics.framework */,
				5091089513B3616A00938AE6 /* SenTestingKit.framework */,
			);
			name = Frameworks;
			sourceTree = "<group>";
		};
		5091087C13B3616900938AE6 /* tabulatabs-ios */ = {
			isa = PBXGroup;
			children = (
				50498F7113BB8882006EBDDA /* External Frameworks */,
				5091088513B3616900938AE6 /* TabulatabsApp.h */,
				5091088613B3616A00938AE6 /* TabulatabsApp.m */,
				50E3CBDA140D719200B87BAE /* Classes */,
				501A846D13C7282B00EE12DE /* Readability */,
				50CDA7E913C34CF30079272D /* TabChooser */,
				50364B4613BA2C710003F9A4 /* ViewController */,
				50364B3813BA14930003F9A4 /* Tabulatabs */,
				5091087D13B3616900938AE6 /* Supporting Files */,
			);
			path = "tabulatabs-ios";
			sourceTree = "<group>";
		};
		5091087D13B3616900938AE6 /* Supporting Files */ = {
			isa = PBXGroup;
			children = (
				509785A414078CA700535B55 /* Images */,
				5091087E13B3616900938AE6 /* tabulatabs-ios-Info.plist */,
				5091087F13B3616900938AE6 /* InfoPlist.strings */,
				5091088213B3616900938AE6 /* main.m */,
				5091088413B3616900938AE6 /* tabulatabs-ios-Prefix.pch */,
			);
			name = "Supporting Files";
			sourceTree = "<group>";
		};
		5091089C13B3616A00938AE6 /* tabulatabs-iosTests */ = {
			isa = PBXGroup;
			children = (
				509108A213B3616A00938AE6 /* tabulatabs_iosTests.h */,
				509108A413B3616A00938AE6 /* tabulatabs_iosTests.m */,
				5091089D13B3616A00938AE6 /* Supporting Files */,
			);
			path = "tabulatabs-iosTests";
			sourceTree = "<group>";
		};
		5091089D13B3616A00938AE6 /* Supporting Files */ = {
			isa = PBXGroup;
			children = (
				5091089E13B3616A00938AE6 /* tabulatabs-iosTests-Info.plist */,
				5091089F13B3616A00938AE6 /* InfoPlist.strings */,
			);
			name = "Supporting Files";
			sourceTree = "<group>";
		};
		509785A414078CA700535B55 /* Images */ = {
			isa = PBXGroup;
			children = (
				509785A614078DAB00535B55 /* cellShadowLeft@2x.png */,
				509785A714078DAB00535B55 /* cellShadowRight@2x.png */,
			);
			path = Images;
			sourceTree = "<group>";
		};
		50CDA7E913C34CF30079272D /* TabChooser */ = {
			isa = PBXGroup;
			children = (
				507E53A413BB9C5600CEB2A1 /* TabViewCell.h */,
				507E53A513BB9C5600CEB2A1 /* TabViewCell.m */,
				50364B3C13BA202C0003F9A4 /* TabListViewController.h */,
				50364B3D13BA202C0003F9A4 /* TabListViewController.m */,
				50364B3E13BA202D0003F9A4 /* TabListViewController.xib */,
			);
			name = TabChooser;
			sourceTree = "<group>";
		};
		50E3CBDA140D719200B87BAE /* Classes */ = {
			isa = PBXGroup;
			children = (
				50F7835613B8D2B40017FB9D /* MWURLConnection.h */,
				50F7835713B8D2B40017FB9D /* MWURLConnection.m */,
				50E70B7D13B8E1E3008B9B95 /* MWJavaScriptQueue.h */,
				50E70B7E13B8E1E3008B9B95 /* MWJavaScriptQueue.m */,
				506AE72B13BB338500134EF3 /* Helpers.m */,
				506AE72C13BB338500134EF3 /* Helpers.h */,
				507E53BD13BC801200CEB2A1 /* MWImagePool.h */,
				507E53BE13BC801200CEB2A1 /* MWImagePool.m */,
			);
			name = Classes;
			sourceTree = "<group>";
		};
/* End PBXGroup section */

/* Begin PBXNativeTarget section */
		5091087113B3616900938AE6 /* tabulatabs-ios */ = {
			isa = PBXNativeTarget;
			buildConfigurationList = 509108A813B3616A00938AE6 /* Build configuration list for PBXNativeTarget "tabulatabs-ios" */;
			buildPhases = (
				5091086E13B3616900938AE6 /* Sources */,
				5091086F13B3616900938AE6 /* Frameworks */,
				509108C813B386AC00938AE6 /* ShellScript */,
				5091087013B3616900938AE6 /* Resources */,
			);
			buildRules = (
			);
			dependencies = (
			);
			name = "tabulatabs-ios";
			productName = "tabulatabs-ios";
			productReference = 5091087213B3616900938AE6 /* TabulaTab.app */;
			productType = "com.apple.product-type.application";
		};
		5091089313B3616A00938AE6 /* tabulatabs-iosTests */ = {
			isa = PBXNativeTarget;
			buildConfigurationList = 509108AB13B3616A00938AE6 /* Build configuration list for PBXNativeTarget "tabulatabs-iosTests" */;
			buildPhases = (
				5091088F13B3616A00938AE6 /* Sources */,
				5091089013B3616A00938AE6 /* Frameworks */,
				5091089113B3616A00938AE6 /* Resources */,
				5091089213B3616A00938AE6 /* ShellScript */,
			);
			buildRules = (
			);
			dependencies = (
				5091089B13B3616A00938AE6 /* PBXTargetDependency */,
			);
			name = "tabulatabs-iosTests";
			productName = "tabulatabs-iosTests";
			productReference = 5091089413B3616A00938AE6 /* tabulatabs-iosTests.octest */;
			productType = "com.apple.product-type.bundle";
		};
/* End PBXNativeTarget section */

/* Begin PBXProject section */
		5091086913B3616900938AE6 /* Project object */ = {
			isa = PBXProject;
			attributes = {
				LastUpgradeCheck = 0420;
			};
			buildConfigurationList = 5091086C13B3616900938AE6 /* Build configuration list for PBXProject "tabulatabs-ios" */;
			compatibilityVersion = "Xcode 3.2";
			developmentRegion = English;
			hasScannedForEncodings = 0;
			knownRegions = (
				en,
				de,
			);
			mainGroup = 5091086713B3616900938AE6;
			productRefGroup = 5091087313B3616900938AE6 /* Products */;
			projectDirPath = "";
			projectRoot = "";
			targets = (
				5091087113B3616900938AE6 /* tabulatabs-ios */,
				5091089313B3616A00938AE6 /* tabulatabs-iosTests */,
			);
		};
/* End PBXProject section */

/* Begin PBXResourcesBuildPhase section */
		5091087013B3616900938AE6 /* Resources */ = {
			isa = PBXResourcesBuildPhase;
			buildActionMask = 2147483647;
			files = (
				5091088113B3616900938AE6 /* InfoPlist.strings in Resources */,
				506BB25613B3920800B2CE85 /* BrowserListViewController.xib in Resources */,
				5088E30313B4A4BB00D12E49 /* AddBrowserStepsViewController.xib in Resources */,
				5088E32613B4E48B00D12E49 /* zbar-back.png in Resources */,
				5088E32713B4E48B00D12E49 /* zbar-help.html in Resources */,
				5088E32813B4E48B00D12E49 /* zbar-helpicons.png in Resources */,
				5088E32913B4E48B00D12E49 /* zbar-samples.png in Resources */,
				50364B4013BA202D0003F9A4 /* TabListViewController.xib in Resources */,
				50364B4513BA2C020003F9A4 /* WebViewViewController.xib in Resources */,
				50537C1E13C6FCB500F9E309 /* ReadabilityViewController.xib in Resources */,
				501A847013C7284100EE12DE /* paper.png in Resources */,
				501A847313C7284A00EE12DE /* paper@2x.png in Resources */,
				507A4B4013C75E3100C2B281 /* iphone.css in Resources */,
				507A4B4113C75E3100C2B281 /* readability.css in Resources */,
				507A4B4713C7619900C2B281 /* readability.js in Resources */,
				507A4B4613C7619600C2B281 /* injectReadability.js in Resources */,
				509785A814078DAB00535B55 /* cellShadowLeft@2x.png in Resources */,
				509785A914078DAB00535B55 /* cellShadowRight@2x.png in Resources */,
				5021BD03141FB93C009054DE /* blackArrow.png in Resources */,
				5021BD04141FB93C009054DE /* blueArrow_new.png in Resources */,
				5021BD05141FB93C009054DE /* blueArrow.png in Resources */,
				5021BD06141FB93C009054DE /* whiteArrow.png in Resources */,
			);
			runOnlyForDeploymentPostprocessing = 0;
		};
		5091089113B3616A00938AE6 /* Resources */ = {
			isa = PBXResourcesBuildPhase;
			buildActionMask = 2147483647;
			files = (
				509108A113B3616A00938AE6 /* InfoPlist.strings in Resources */,
				509108A313B3616A00938AE6 /* tabulatabs_iosTests.h in Resources */,
			);
			runOnlyForDeploymentPostprocessing = 0;
		};
/* End PBXResourcesBuildPhase section */

/* Begin PBXShellScriptBuildPhase section */
		5091089213B3616A00938AE6 /* ShellScript */ = {
			isa = PBXShellScriptBuildPhase;
			buildActionMask = 2147483647;
			files = (
			);
			inputPaths = (
			);
			outputPaths = (
			);
			runOnlyForDeploymentPostprocessing = 0;
			shellPath = /bin/sh;
			shellScript = "# Run the unit tests in this test bundle.\n\"${SYSTEM_DEVELOPER_DIR}/Tools/RunUnitTests\"\n";
		};
		509108C813B386AC00938AE6 /* ShellScript */ = {
			isa = PBXShellScriptBuildPhase;
			buildActionMask = 2147483647;
			files = (
			);
			inputPaths = (
			);
			outputPaths = (
			);
			runOnlyForDeploymentPostprocessing = 0;
			shellPath = /bin/sh;
			shellScript = "";
		};
/* End PBXShellScriptBuildPhase section */

/* Begin PBXSourcesBuildPhase section */
		5091086E13B3616900938AE6 /* Sources */ = {
			isa = PBXSourcesBuildPhase;
			buildActionMask = 2147483647;
			files = (
				5091088313B3616900938AE6 /* main.m in Sources */,
				5091088713B3616A00938AE6 /* TabulatabsApp.m in Sources */,
				506BB25513B3920800B2CE85 /* BrowserListViewController.m in Sources */,
				506BB26113B399F200B2CE85 /* TTBrowser.m in Sources */,
				5088E30213B4A4BB00D12E49 /* AddBrowserStepsViewController.m in Sources */,
				50F7835813B8D2B40017FB9D /* MWURLConnection.m in Sources */,
				50E70B7F13B8E1E3008B9B95 /* MWJavaScriptQueue.m in Sources */,
				5041AD8913B8EC6500586862 /* NSObject+SBJson.m in Sources */,
				5041AD8A13B8EC6500586862 /* SBJsonParser.m in Sources */,
				5041AD8B13B8EC6500586862 /* SBJsonStreamParser.m in Sources */,
				5041AD8C13B8EC6500586862 /* SBJsonStreamParserAccumulator.m in Sources */,
				5041AD8D13B8EC6500586862 /* SBJsonStreamParserAdapter.m in Sources */,
				5041AD8E13B8EC6500586862 /* SBJsonStreamParserState.m in Sources */,
				5041AD8F13B8EC6500586862 /* SBJsonStreamWriter.m in Sources */,
				5041AD9013B8EC6500586862 /* SBJsonStreamWriterAccumulator.m in Sources */,
				5041AD9113B8EC6500586862 /* SBJsonStreamWriterState.m in Sources */,
				5041AD9213B8EC6500586862 /* SBJsonTokeniser.m in Sources */,
				5041AD9313B8EC6500586862 /* SBJsonUTF8Stream.m in Sources */,
				5041AD9413B8EC6500586862 /* SBJsonWriter.m in Sources */,
				50364B3713BA14880003F9A4 /* TTTab.m in Sources */,
				50364B3F13BA202D0003F9A4 /* TabListViewController.m in Sources */,
				50364B4413BA2C020003F9A4 /* WebViewViewController.m in Sources */,
				506AE72D13BB338600134EF3 /* Helpers.m in Sources */,
				507E53A613BB9C5600CEB2A1 /* TabViewCell.m in Sources */,
				507E53BF13BC801300CEB2A1 /* MWImagePool.m in Sources */,
				50E5464E13C629DA00DC5985 /* TabActionController.m in Sources */,
				50537C1D13C6FCB500F9E309 /* ReadabilityViewController.m in Sources */,
				50E6F66813C74034009BB757 /* ReadabilityWebView.m in Sources */,
				509CC2FD141A52DD00E5011D /* NSData-AES.m in Sources */,
				509CC300141A533400E5011D /* NSData-hex.m in Sources */,
				509CC303141A556900E5011D /* NSData+Base64.m in Sources */,
				5021BCF9141FB7CD009054DE /* EGORefreshTableHeaderView.m in Sources */,
				5021BCFD141FB812009054DE /* PullToRefreshTableViewController.m in Sources */,
			);
			runOnlyForDeploymentPostprocessing = 0;
		};
		5091088F13B3616A00938AE6 /* Sources */ = {
			isa = PBXSourcesBuildPhase;
			buildActionMask = 2147483647;
			files = (
				509108A513B3616A00938AE6 /* tabulatabs_iosTests.m in Sources */,
			);
			runOnlyForDeploymentPostprocessing = 0;
		};
/* End PBXSourcesBuildPhase section */

/* Begin PBXTargetDependency section */
		5091089B13B3616A00938AE6 /* PBXTargetDependency */ = {
			isa = PBXTargetDependency;
			target = 5091087113B3616900938AE6 /* tabulatabs-ios */;
			targetProxy = 5091089A13B3616A00938AE6 /* PBXContainerItemProxy */;
		};
/* End PBXTargetDependency section */

/* Begin PBXVariantGroup section */
		5091087F13B3616900938AE6 /* InfoPlist.strings */ = {
			isa = PBXVariantGroup;
			children = (
				5091088013B3616900938AE6 /* en */,
			);
			name = InfoPlist.strings;
			sourceTree = "<group>";
		};
		5091089F13B3616A00938AE6 /* InfoPlist.strings */ = {
			isa = PBXVariantGroup;
			children = (
				509108A013B3616A00938AE6 /* en */,
			);
			name = InfoPlist.strings;
			sourceTree = "<group>";
		};
/* End PBXVariantGroup section */

/* Begin XCBuildConfiguration section */
		509108A613B3616A00938AE6 /* Debug */ = {
			isa = XCBuildConfiguration;
			buildSettings = {
				ALWAYS_SEARCH_USER_PATHS = NO;
				ARCHS = "$(ARCHS_STANDARD_32_BIT)";
				CLANG_ENABLE_OBJC_ARC = YES;
				"CODE_SIGN_IDENTITY[sdk=iphoneos*]" = "iPhone Developer";
				COPY_PHASE_STRIP = NO;
				GCC_C_LANGUAGE_STANDARD = gnu99;
				GCC_DYNAMIC_NO_PIC = NO;
				GCC_OPTIMIZATION_LEVEL = 0;
				GCC_PREPROCESSOR_DEFINITIONS = (
					"DEBUG=1",
					"$(inherited)",
				);
				GCC_SYMBOLS_PRIVATE_EXTERN = NO;
				GCC_VERSION = com.apple.compilers.llvm.clang.1_0;
				GCC_WARN_ABOUT_MISSING_PROTOTYPES = YES;
				GCC_WARN_ABOUT_RETURN_TYPE = YES;
				GCC_WARN_UNUSED_VARIABLE = YES;
				IPHONEOS_DEPLOYMENT_TARGET = 5.0;
				SDKROOT = iphoneos;
			};
			name = Debug;
		};
		509108A713B3616A00938AE6 /* Release */ = {
			isa = XCBuildConfiguration;
			buildSettings = {
				ALWAYS_SEARCH_USER_PATHS = NO;
				ARCHS = "$(ARCHS_STANDARD_32_BIT)";
				CLANG_ENABLE_OBJC_ARC = YES;
				"CODE_SIGN_IDENTITY[sdk=iphoneos*]" = "iPhone Developer";
				COPY_PHASE_STRIP = YES;
				GCC_C_LANGUAGE_STANDARD = gnu99;
				GCC_VERSION = com.apple.compilers.llvm.clang.1_0;
				GCC_WARN_ABOUT_MISSING_PROTOTYPES = YES;
				GCC_WARN_ABOUT_RETURN_TYPE = YES;
				GCC_WARN_UNUSED_VARIABLE = YES;
				IPHONEOS_DEPLOYMENT_TARGET = 5.0;
				OTHER_CFLAGS = "-DNS_BLOCK_ASSERTIONS=1";
				SDKROOT = iphoneos;
				VALIDATE_PRODUCT = YES;
			};
			name = Release;
		};
		509108A913B3616A00938AE6 /* Debug */ = {
			isa = XCBuildConfiguration;
			buildSettings = {
				GCC_PRECOMPILE_PREFIX_HEADER = YES;
				GCC_PREFIX_HEADER = "tabulatabs-ios/tabulatabs-ios-Prefix.pch";
				INFOPLIST_FILE = "tabulatabs-ios/tabulatabs-ios-Info.plist";
				IPHONEOS_DEPLOYMENT_TARGET = 4.0;
				LIBRARY_SEARCH_PATHS = (
					"$(inherited)",
					"\"$(SRCROOT)/tabulatabs-ios/ZBarSDK\"",
				);
				PRODUCT_NAME = TabulaTab;
				WRAPPER_EXTENSION = app;
			};
			name = Debug;
		};
		509108AA13B3616A00938AE6 /* Release */ = {
			isa = XCBuildConfiguration;
			buildSettings = {
				GCC_PRECOMPILE_PREFIX_HEADER = YES;
				GCC_PREFIX_HEADER = "tabulatabs-ios/tabulatabs-ios-Prefix.pch";
				INFOPLIST_FILE = "tabulatabs-ios/tabulatabs-ios-Info.plist";
				IPHONEOS_DEPLOYMENT_TARGET = 4.0;
				LIBRARY_SEARCH_PATHS = (
					"$(inherited)",
					"\"$(SRCROOT)/tabulatabs-ios/ZBarSDK\"",
				);
				PRODUCT_NAME = TabulaTab;
				WRAPPER_EXTENSION = app;
			};
			name = Release;
		};
		509108AC13B3616A00938AE6 /* Debug */ = {
			isa = XCBuildConfiguration;
			buildSettings = {
				BUNDLE_LOADER = "$(BUILT_PRODUCTS_DIR)/tabulatabs-ios.app/tabulatabs-ios";
				FRAMEWORK_SEARCH_PATHS = (
					"$(SDKROOT)/Developer/Library/Frameworks",
					"$(DEVELOPER_LIBRARY_DIR)/Frameworks",
				);
				GCC_PRECOMPILE_PREFIX_HEADER = YES;
				GCC_PREFIX_HEADER = "tabulatabs-ios/tabulatabs-ios-Prefix.pch";
				INFOPLIST_FILE = "tabulatabs-iosTests/tabulatabs-iosTests-Info.plist";
				PRODUCT_NAME = "$(TARGET_NAME)";
				TEST_HOST = "$(BUNDLE_LOADER)";
				WRAPPER_EXTENSION = octest;
			};
			name = Debug;
		};
		509108AD13B3616A00938AE6 /* Release */ = {
			isa = XCBuildConfiguration;
			buildSettings = {
				BUNDLE_LOADER = "$(BUILT_PRODUCTS_DIR)/tabulatabs-ios.app/tabulatabs-ios";
				FRAMEWORK_SEARCH_PATHS = (
					"$(SDKROOT)/Developer/Library/Frameworks",
					"$(DEVELOPER_LIBRARY_DIR)/Frameworks",
				);
				GCC_PRECOMPILE_PREFIX_HEADER = YES;
				GCC_PREFIX_HEADER = "tabulatabs-ios/tabulatabs-ios-Prefix.pch";
				INFOPLIST_FILE = "tabulatabs-iosTests/tabulatabs-iosTests-Info.plist";
				PRODUCT_NAME = "$(TARGET_NAME)";
				TEST_HOST = "$(BUNDLE_LOADER)";
				WRAPPER_EXTENSION = octest;
			};
			name = Release;
		};
/* End XCBuildConfiguration section */

/* Begin XCConfigurationList section */
		5091086C13B3616900938AE6 /* Build configuration list for PBXProject "tabulatabs-ios" */ = {
			isa = XCConfigurationList;
			buildConfigurations = (
				509108A613B3616A00938AE6 /* Debug */,
				509108A713B3616A00938AE6 /* Release */,
			);
			defaultConfigurationIsVisible = 0;
			defaultConfigurationName = Release;
		};
		509108A813B3616A00938AE6 /* Build configuration list for PBXNativeTarget "tabulatabs-ios" */ = {
			isa = XCConfigurationList;
			buildConfigurations = (
				509108A913B3616A00938AE6 /* Debug */,
				509108AA13B3616A00938AE6 /* Release */,
			);
			defaultConfigurationIsVisible = 0;
			defaultConfigurationName = Release;
		};
		509108AB13B3616A00938AE6 /* Build configuration list for PBXNativeTarget "tabulatabs-iosTests" */ = {
			isa = XCConfigurationList;
			buildConfigurations = (
				509108AC13B3616A00938AE6 /* Debug */,
				509108AD13B3616A00938AE6 /* Release */,
			);
			defaultConfigurationIsVisible = 0;
			defaultConfigurationName = Release;
		};
/* End XCConfigurationList section */
	};
	rootObject = 5091086913B3616900938AE6 /* Project object */;
}
