// !$*UTF8*$!
{
	archiveVersion = 1;
	classes = {
	};
	objectVersion = 46;
	objects = {

/* Begin PBXBuildFile section */
		5091087713B3616900938AE6 /* UIKit.framework in Frameworks */ = {isa = PBXBuildFile; fileRef = 5091087613B3616900938AE6 /* UIKit.framework */; };
		5091087913B3616900938AE6 /* Foundation.framework in Frameworks */ = {isa = PBXBuildFile; fileRef = 5091087813B3616900938AE6 /* Foundation.framework */; };
		5091087B13B3616900938AE6 /* CoreGraphics.framework in Frameworks */ = {isa = PBXBuildFile; fileRef = 5091087A13B3616900938AE6 /* CoreGraphics.framework */; };
		5091088113B3616900938AE6 /* InfoPlist.strings in Resources */ = {isa = PBXBuildFile; fileRef = 5091087F13B3616900938AE6 /* InfoPlist.strings */; };
		5091088313B3616900938AE6 /* main.m in Sources */ = {isa = PBXBuildFile; fileRef = 5091088213B3616900938AE6 /* main.m */; };
		5091088713B3616A00938AE6 /* tabulatabs_iosAppDelegate.m in Sources */ = {isa = PBXBuildFile; fileRef = 5091088613B3616A00938AE6 /* tabulatabs_iosAppDelegate.m */; };
		5091088913B3616A00938AE6 /* tabulatabs_iosViewController.h in Resources */ = {isa = PBXBuildFile; fileRef = 5091088813B3616A00938AE6 /* tabulatabs_iosViewController.h */; };
		5091088B13B3616A00938AE6 /* tabulatabs_iosViewController.m in Sources */ = {isa = PBXBuildFile; fileRef = 5091088A13B3616A00938AE6 /* tabulatabs_iosViewController.m */; };
		5091088E13B3616A00938AE6 /* tabulatabs_iosViewController.xib in Resources */ = {isa = PBXBuildFile; fileRef = 5091088C13B3616A00938AE6 /* tabulatabs_iosViewController.xib */; };
		5091089613B3616A00938AE6 /* SenTestingKit.framework in Frameworks */ = {isa = PBXBuildFile; fileRef = 5091089513B3616A00938AE6 /* SenTestingKit.framework */; };
		5091089713B3616A00938AE6 /* UIKit.framework in Frameworks */ = {isa = PBXBuildFile; fileRef = 5091087613B3616900938AE6 /* UIKit.framework */; };
		5091089813B3616A00938AE6 /* Foundation.framework in Frameworks */ = {isa = PBXBuildFile; fileRef = 5091087813B3616900938AE6 /* Foundation.framework */; };
		5091089913B3616A00938AE6 /* CoreGraphics.framework in Frameworks */ = {isa = PBXBuildFile; fileRef = 5091087A13B3616900938AE6 /* CoreGraphics.framework */; };
		509108A113B3616A00938AE6 /* InfoPlist.strings in Resources */ = {isa = PBXBuildFile; fileRef = 5091089F13B3616A00938AE6 /* InfoPlist.strings */; };
		509108A313B3616A00938AE6 /* tabulatabs_iosTests.h in Resources */ = {isa = PBXBuildFile; fileRef = 509108A213B3616A00938AE6 /* tabulatabs_iosTests.h */; };
		509108A513B3616A00938AE6 /* tabulatabs_iosTests.m in Sources */ = {isa = PBXBuildFile; fileRef = 509108A413B3616A00938AE6 /* tabulatabs_iosTests.m */; };
/* End PBXBuildFile section */

/* Begin PBXContainerItemProxy section */
		5091089A13B3616A00938AE6 /* PBXContainerItemProxy */ = {
			isa = PBXContainerItemProxy;
			containerPortal = 5091086913B3616900938AE6 /* Project object */;
			proxyType = 1;
			remoteGlobalIDString = 5091087113B3616900938AE6;
			remoteInfo = "tabulatabs-ios";
		};
/* End PBXContainerItemProxy section */

/* Begin PBXFileReference section */
		5091087213B3616900938AE6 /* tabulatabs-ios.app */ = {isa = PBXFileReference; explicitFileType = wrapper.application; includeInIndex = 0; path = "tabulatabs-ios.app"; sourceTree = BUILT_PRODUCTS_DIR; };
		5091087613B3616900938AE6 /* UIKit.framework */ = {isa = PBXFileReference; lastKnownFileType = wrapper.framework; name = UIKit.framework; path = System/Library/Frameworks/UIKit.framework; sourceTree = SDKROOT; };
		5091087813B3616900938AE6 /* Foundation.framework */ = {isa = PBXFileReference; lastKnownFileType = wrapper.framework; name = Foundation.framework; path = System/Library/Frameworks/Foundation.framework; sourceTree = SDKROOT; };
		5091087A13B3616900938AE6 /* CoreGraphics.framework */ = {isa = PBXFileReference; lastKnownFileType = wrapper.framework; name = CoreGraphics.framework; path = System/Library/Frameworks/CoreGraphics.framework; sourceTree = SDKROOT; };
		5091087E13B3616900938AE6 /* tabulatabs-ios-Info.plist */ = {isa = PBXFileReference; lastKnownFileType = text.plist.xml; path = "tabulatabs-ios-Info.plist"; sourceTree = "<group>"; };
		5091088013B3616900938AE6 /* en */ = {isa = PBXFileReference; lastKnownFileType = text.plist.strings; name = en; path = en.lproj/InfoPlist.strings; sourceTree = "<group>"; };
		5091088213B3616900938AE6 /* main.m */ = {isa = PBXFileReference; lastKnownFileType = sourcecode.c.objc; path = main.m; sourceTree = "<group>"; };
		5091088413B3616900938AE6 /* tabulatabs-ios-Prefix.pch */ = {isa = PBXFileReference; lastKnownFileType = sourcecode.c.h; path = "tabulatabs-ios-Prefix.pch"; sourceTree = "<group>"; };
		5091088513B3616900938AE6 /* tabulatabs_iosAppDelegate.h */ = {isa = PBXFileReference; lastKnownFileType = sourcecode.c.h; path = tabulatabs_iosAppDelegate.h; sourceTree = "<group>"; };
		5091088613B3616A00938AE6 /* tabulatabs_iosAppDelegate.m */ = {isa = PBXFileReference; lastKnownFileType = sourcecode.c.objc; path = tabulatabs_iosAppDelegate.m; sourceTree = "<group>"; };
		5091088813B3616A00938AE6 /* tabulatabs_iosViewController.h */ = {isa = PBXFileReference; lastKnownFileType = sourcecode.c.h; path = tabulatabs_iosViewController.h; sourceTree = "<group>"; };
		5091088A13B3616A00938AE6 /* tabulatabs_iosViewController.m */ = {isa = PBXFileReference; lastKnownFileType = sourcecode.c.objc; path = tabulatabs_iosViewController.m; sourceTree = "<group>"; };
		5091088D13B3616A00938AE6 /* en */ = {isa = PBXFileReference; lastKnownFileType = file.xib; name = en; path = en.lproj/tabulatabs_iosViewController.xib; sourceTree = "<group>"; };
		5091089413B3616A00938AE6 /* tabulatabs-iosTests.octest */ = {isa = PBXFileReference; explicitFileType = wrapper.cfbundle; includeInIndex = 0; path = "tabulatabs-iosTests.octest"; sourceTree = BUILT_PRODUCTS_DIR; };
		5091089513B3616A00938AE6 /* SenTestingKit.framework */ = {isa = PBXFileReference; lastKnownFileType = wrapper.framework; name = SenTestingKit.framework; path = Library/Frameworks/SenTestingKit.framework; sourceTree = DEVELOPER_DIR; };
		5091089E13B3616A00938AE6 /* tabulatabs-iosTests-Info.plist */ = {isa = PBXFileReference; lastKnownFileType = text.plist.xml; path = "tabulatabs-iosTests-Info.plist"; sourceTree = "<group>"; };
		509108A013B3616A00938AE6 /* en */ = {isa = PBXFileReference; lastKnownFileType = text.plist.strings; name = en; path = en.lproj/InfoPlist.strings; sourceTree = "<group>"; };
		509108A213B3616A00938AE6 /* tabulatabs_iosTests.h */ = {isa = PBXFileReference; lastKnownFileType = sourcecode.c.h; path = tabulatabs_iosTests.h; sourceTree = "<group>"; };
		509108A413B3616A00938AE6 /* tabulatabs_iosTests.m */ = {isa = PBXFileReference; lastKnownFileType = sourcecode.c.objc; path = tabulatabs_iosTests.m; sourceTree = "<group>"; };
/* End PBXFileReference section */

/* Begin PBXFrameworksBuildPhase section */
		5091086F13B3616900938AE6 /* Frameworks */ = {
			isa = PBXFrameworksBuildPhase;
			buildActionMask = 2147483647;
			files = (
				5091087713B3616900938AE6 /* UIKit.framework in Frameworks */,
				5091087913B3616900938AE6 /* Foundation.framework in Frameworks */,
				5091087B13B3616900938AE6 /* CoreGraphics.framework in Frameworks */,
			);
			runOnlyForDeploymentPostprocessing = 0;
		};
		5091089013B3616A00938AE6 /* Frameworks */ = {
			isa = PBXFrameworksBuildPhase;
			buildActionMask = 2147483647;
			files = (
				5091089613B3616A00938AE6 /* SenTestingKit.framework in Frameworks */,
				5091089713B3616A00938AE6 /* UIKit.framework in Frameworks */,
				5091089813B3616A00938AE6 /* Foundation.framework in Frameworks */,
				5091089913B3616A00938AE6 /* CoreGraphics.framework in Frameworks */,
			);
			runOnlyForDeploymentPostprocessing = 0;
		};
/* End PBXFrameworksBuildPhase section */

/* Begin PBXGroup section */
		5091086713B3616900938AE6 = {
			isa = PBXGroup;
			children = (
				5091087C13B3616900938AE6 /* tabulatabs-ios */,
				5091089C13B3616A00938AE6 /* tabulatabs-iosTests */,
				5091087513B3616900938AE6 /* Frameworks */,
				5091087313B3616900938AE6 /* Products */,
			);
			sourceTree = "<group>";
		};
		5091087313B3616900938AE6 /* Products */ = {
			isa = PBXGroup;
			children = (
				5091087213B3616900938AE6 /* tabulatabs-ios.app */,
				5091089413B3616A00938AE6 /* tabulatabs-iosTests.octest */,
			);
			name = Products;
			sourceTree = "<group>";
		};
		5091087513B3616900938AE6 /* Frameworks */ = {
			isa = PBXGroup;
			children = (
				5091087613B3616900938AE6 /* UIKit.framework */,
				5091087813B3616900938AE6 /* Foundation.framework */,
				5091087A13B3616900938AE6 /* CoreGraphics.framework */,
				5091089513B3616A00938AE6 /* SenTestingKit.framework */,
			);
			name = Frameworks;
			sourceTree = "<group>";
		};
		5091087C13B3616900938AE6 /* tabulatabs-ios */ = {
			isa = PBXGroup;
			children = (
				5091088513B3616900938AE6 /* tabulatabs_iosAppDelegate.h */,
				5091088613B3616A00938AE6 /* tabulatabs_iosAppDelegate.m */,
				5091088813B3616A00938AE6 /* tabulatabs_iosViewController.h */,
				5091088A13B3616A00938AE6 /* tabulatabs_iosViewController.m */,
				5091088C13B3616A00938AE6 /* tabulatabs_iosViewController.xib */,
				5091087D13B3616900938AE6 /* Supporting Files */,
			);
			path = "tabulatabs-ios";
			sourceTree = "<group>";
		};
		5091087D13B3616900938AE6 /* Supporting Files */ = {
			isa = PBXGroup;
			children = (
				5091087E13B3616900938AE6 /* tabulatabs-ios-Info.plist */,
				5091087F13B3616900938AE6 /* InfoPlist.strings */,
				5091088213B3616900938AE6 /* main.m */,
				5091088413B3616900938AE6 /* tabulatabs-ios-Prefix.pch */,
			);
			name = "Supporting Files";
			sourceTree = "<group>";
		};
		5091089C13B3616A00938AE6 /* tabulatabs-iosTests */ = {
			isa = PBXGroup;
			children = (
				509108A213B3616A00938AE6 /* tabulatabs_iosTests.h */,
				509108A413B3616A00938AE6 /* tabulatabs_iosTests.m */,
				5091089D13B3616A00938AE6 /* Supporting Files */,
			);
			path = "tabulatabs-iosTests";
			sourceTree = "<group>";
		};
		5091089D13B3616A00938AE6 /* Supporting Files */ = {
			isa = PBXGroup;
			children = (
				5091089E13B3616A00938AE6 /* tabulatabs-iosTests-Info.plist */,
				5091089F13B3616A00938AE6 /* InfoPlist.strings */,
			);
			name = "Supporting Files";
			sourceTree = "<group>";
		};
/* End PBXGroup section */

/* Begin PBXNativeTarget section */
		5091087113B3616900938AE6 /* tabulatabs-ios */ = {
			isa = PBXNativeTarget;
			buildConfigurationList = 509108A813B3616A00938AE6 /* Build configuration list for PBXNativeTarget "tabulatabs-ios" */;
			buildPhases = (
				5091086E13B3616900938AE6 /* Sources */,
				5091086F13B3616900938AE6 /* Frameworks */,
				5091087013B3616900938AE6 /* Resources */,
			);
			buildRules = (
			);
			dependencies = (
			);
			name = "tabulatabs-ios";
			productName = "tabulatabs-ios";
			productReference = 5091087213B3616900938AE6 /* tabulatabs-ios.app */;
			productType = "com.apple.product-type.application";
		};
		5091089313B3616A00938AE6 /* tabulatabs-iosTests */ = {
			isa = PBXNativeTarget;
			buildConfigurationList = 509108AB13B3616A00938AE6 /* Build configuration list for PBXNativeTarget "tabulatabs-iosTests" */;
			buildPhases = (
				5091088F13B3616A00938AE6 /* Sources */,
				5091089013B3616A00938AE6 /* Frameworks */,
				5091089113B3616A00938AE6 /* Resources */,
				5091089213B3616A00938AE6 /* ShellScript */,
			);
			buildRules = (
			);
			dependencies = (
				5091089B13B3616A00938AE6 /* PBXTargetDependency */,
			);
			name = "tabulatabs-iosTests";
			productName = "tabulatabs-iosTests";
			productReference = 5091089413B3616A00938AE6 /* tabulatabs-iosTests.octest */;
			productType = "com.apple.product-type.bundle";
		};
/* End PBXNativeTarget section */

/* Begin PBXProject section */
		5091086913B3616900938AE6 /* Project object */ = {
			isa = PBXProject;
			buildConfigurationList = 5091086C13B3616900938AE6 /* Build configuration list for PBXProject "tabulatabs-ios" */;
			compatibilityVersion = "Xcode 3.2";
			developmentRegion = English;
			hasScannedForEncodings = 0;
			knownRegions = (
				en,
			);
			mainGroup = 5091086713B3616900938AE6;
			productRefGroup = 5091087313B3616900938AE6 /* Products */;
			projectDirPath = "";
			projectRoot = "";
			targets = (
				5091087113B3616900938AE6 /* tabulatabs-ios */,
				5091089313B3616A00938AE6 /* tabulatabs-iosTests */,
			);
		};
/* End PBXProject section */

/* Begin PBXResourcesBuildPhase section */
		5091087013B3616900938AE6 /* Resources */ = {
			isa = PBXResourcesBuildPhase;
			buildActionMask = 2147483647;
			files = (
				5091088113B3616900938AE6 /* InfoPlist.strings in Resources */,
				5091088913B3616A00938AE6 /* tabulatabs_iosViewController.h in Resources */,
				5091088E13B3616A00938AE6 /* tabulatabs_iosViewController.xib in Resources */,
			);
			runOnlyForDeploymentPostprocessing = 0;
		};
		5091089113B3616A00938AE6 /* Resources */ = {
			isa = PBXResourcesBuildPhase;
			buildActionMask = 2147483647;
			files = (
				509108A113B3616A00938AE6 /* InfoPlist.strings in Resources */,
				509108A313B3616A00938AE6 /* tabulatabs_iosTests.h in Resources */,
			);
			runOnlyForDeploymentPostprocessing = 0;
		};
/* End PBXResourcesBuildPhase section */

/* Begin PBXShellScriptBuildPhase section */
		5091089213B3616A00938AE6 /* ShellScript */ = {
			isa = PBXShellScriptBuildPhase;
			buildActionMask = 2147483647;
			files = (
			);
			inputPaths = (
			);
			outputPaths = (
			);
			runOnlyForDeploymentPostprocessing = 0;
			shellPath = /bin/sh;
			shellScript = "# Run the unit tests in this test bundle.\n\"${SYSTEM_DEVELOPER_DIR}/Tools/RunUnitTests\"\n";
		};
/* End PBXShellScriptBuildPhase section */

/* Begin PBXSourcesBuildPhase section */
		5091086E13B3616900938AE6 /* Sources */ = {
			isa = PBXSourcesBuildPhase;
			buildActionMask = 2147483647;
			files = (
				5091088313B3616900938AE6 /* main.m in Sources */,
				5091088713B3616A00938AE6 /* tabulatabs_iosAppDelegate.m in Sources */,
				5091088B13B3616A00938AE6 /* tabulatabs_iosViewController.m in Sources */,
			);
			runOnlyForDeploymentPostprocessing = 0;
		};
		5091088F13B3616A00938AE6 /* Sources */ = {
			isa = PBXSourcesBuildPhase;
			buildActionMask = 2147483647;
			files = (
				509108A513B3616A00938AE6 /* tabulatabs_iosTests.m in Sources */,
			);
			runOnlyForDeploymentPostprocessing = 0;
		};
/* End PBXSourcesBuildPhase section */

/* Begin PBXTargetDependency section */
		5091089B13B3616A00938AE6 /* PBXTargetDependency */ = {
			isa = PBXTargetDependency;
			target = 5091087113B3616900938AE6 /* tabulatabs-ios */;
			targetProxy = 5091089A13B3616A00938AE6 /* PBXContainerItemProxy */;
		};
/* End PBXTargetDependency section */

/* Begin PBXVariantGroup section */
		5091087F13B3616900938AE6 /* InfoPlist.strings */ = {
			isa = PBXVariantGroup;
			children = (
				5091088013B3616900938AE6 /* en */,
			);
			name = InfoPlist.strings;
			sourceTree = "<group>";
		};
		5091088C13B3616A00938AE6 /* tabulatabs_iosViewController.xib */ = {
			isa = PBXVariantGroup;
			children = (
				5091088D13B3616A00938AE6 /* en */,
			);
			name = tabulatabs_iosViewController.xib;
			sourceTree = "<group>";
		};
		5091089F13B3616A00938AE6 /* InfoPlist.strings */ = {
			isa = PBXVariantGroup;
			children = (
				509108A013B3616A00938AE6 /* en */,
			);
			name = InfoPlist.strings;
			sourceTree = "<group>";
		};
/* End PBXVariantGroup section */

/* Begin XCBuildConfiguration section */
		509108A613B3616A00938AE6 /* Debug */ = {
			isa = XCBuildConfiguration;
			buildSettings = {
				ALWAYS_SEARCH_USER_PATHS = NO;
				ARCHS = "$(ARCHS_STANDARD_32_BIT)";
				CLANG_ENABLE_OBJC_ARC = YES;
				"CODE_SIGN_IDENTITY[sdk=iphoneos*]" = "iPhone Developer";
				COPY_PHASE_STRIP = NO;
				GCC_C_LANGUAGE_STANDARD = gnu99;
				GCC_DYNAMIC_NO_PIC = NO;
				GCC_OPTIMIZATION_LEVEL = 0;
				GCC_PREPROCESSOR_DEFINITIONS = (
					"DEBUG=1",
					"$(inherited)",
				);
				GCC_SYMBOLS_PRIVATE_EXTERN = NO;
				GCC_VERSION = com.apple.compilers.llvm.clang.1_0;
				GCC_WARN_ABOUT_MISSING_PROTOTYPES = YES;
				GCC_WARN_ABOUT_RETURN_TYPE = YES;
				GCC_WARN_UNUSED_VARIABLE = YES;
				IPHONEOS_DEPLOYMENT_TARGET = 5.0;
				SDKROOT = iphoneos;
			};
			name = Debug;
		};
		509108A713B3616A00938AE6 /* Release */ = {
			isa = XCBuildConfiguration;
			buildSettings = {
				ALWAYS_SEARCH_USER_PATHS = NO;
				ARCHS = "$(ARCHS_STANDARD_32_BIT)";
				CLANG_ENABLE_OBJC_ARC = YES;
				"CODE_SIGN_IDENTITY[sdk=iphoneos*]" = "iPhone Developer";
				COPY_PHASE_STRIP = YES;
				GCC_C_LANGUAGE_STANDARD = gnu99;
				GCC_VERSION = com.apple.compilers.llvm.clang.1_0;
				GCC_WARN_ABOUT_MISSING_PROTOTYPES = YES;
				GCC_WARN_ABOUT_RETURN_TYPE = YES;
				GCC_WARN_UNUSED_VARIABLE = YES;
				IPHONEOS_DEPLOYMENT_TARGET = 5.0;
				OTHER_CFLAGS = "-DNS_BLOCK_ASSERTIONS=1";
				SDKROOT = iphoneos;
				VALIDATE_PRODUCT = YES;
			};
			name = Release;
		};
		509108A913B3616A00938AE6 /* Debug */ = {
			isa = XCBuildConfiguration;
			buildSettings = {
				GCC_PRECOMPILE_PREFIX_HEADER = YES;
				GCC_PREFIX_HEADER = "tabulatabs-ios/tabulatabs-ios-Prefix.pch";
				INFOPLIST_FILE = "tabulatabs-ios/tabulatabs-ios-Info.plist";
				PRODUCT_NAME = "$(TARGET_NAME)";
				WRAPPER_EXTENSION = app;
			};
			name = Debug;
		};
		509108AA13B3616A00938AE6 /* Release */ = {
			isa = XCBuildConfiguration;
			buildSettings = {
				GCC_PRECOMPILE_PREFIX_HEADER = YES;
				GCC_PREFIX_HEADER = "tabulatabs-ios/tabulatabs-ios-Prefix.pch";
				INFOPLIST_FILE = "tabulatabs-ios/tabulatabs-ios-Info.plist";
				PRODUCT_NAME = "$(TARGET_NAME)";
				WRAPPER_EXTENSION = app;
			};
			name = Release;
		};
		509108AC13B3616A00938AE6 /* Debug */ = {
			isa = XCBuildConfiguration;
			buildSettings = {
				BUNDLE_LOADER = "$(BUILT_PRODUCTS_DIR)/tabulatabs-ios.app/tabulatabs-ios";
				FRAMEWORK_SEARCH_PATHS = (
					"$(SDKROOT)/Developer/Library/Frameworks",
					"$(DEVELOPER_LIBRARY_DIR)/Frameworks",
				);
				GCC_PRECOMPILE_PREFIX_HEADER = YES;
				GCC_PREFIX_HEADER = "tabulatabs-ios/tabulatabs-ios-Prefix.pch";
				INFOPLIST_FILE = "tabulatabs-iosTests/tabulatabs-iosTests-Info.plist";
				PRODUCT_NAME = "$(TARGET_NAME)";
				TEST_HOST = "$(BUNDLE_LOADER)";
				WRAPPER_EXTENSION = octest;
			};
			name = Debug;
		};
		509108AD13B3616A00938AE6 /* Release */ = {
			isa = XCBuildConfiguration;
			buildSettings = {
				BUNDLE_LOADER = "$(BUILT_PRODUCTS_DIR)/tabulatabs-ios.app/tabulatabs-ios";
				FRAMEWORK_SEARCH_PATHS = (
					"$(SDKROOT)/Developer/Library/Frameworks",
					"$(DEVELOPER_LIBRARY_DIR)/Frameworks",
				);
				GCC_PRECOMPILE_PREFIX_HEADER = YES;
				GCC_PREFIX_HEADER = "tabulatabs-ios/tabulatabs-ios-Prefix.pch";
				INFOPLIST_FILE = "tabulatabs-iosTests/tabulatabs-iosTests-Info.plist";
				PRODUCT_NAME = "$(TARGET_NAME)";
				TEST_HOST = "$(BUNDLE_LOADER)";
				WRAPPER_EXTENSION = octest;
			};
			name = Release;
		};
/* End XCBuildConfiguration section */

/* Begin XCConfigurationList section */
		5091086C13B3616900938AE6 /* Build configuration list for PBXProject "tabulatabs-ios" */ = {
			isa = XCConfigurationList;
			buildConfigurations = (
				509108A613B3616A00938AE6 /* Debug */,
				509108A713B3616A00938AE6 /* Release */,
			);
			defaultConfigurationIsVisible = 0;
			defaultConfigurationName = Release;
		};
		509108A813B3616A00938AE6 /* Build configuration list for PBXNativeTarget "tabulatabs-ios" */ = {
			isa = XCConfigurationList;
			buildConfigurations = (
				509108A913B3616A00938AE6 /* Debug */,
				509108AA13B3616A00938AE6 /* Release */,
			);
			defaultConfigurationIsVisible = 0;
		};
		509108AB13B3616A00938AE6 /* Build configuration list for PBXNativeTarget "tabulatabs-iosTests" */ = {
			isa = XCConfigurationList;
			buildConfigurations = (
				509108AC13B3616A00938AE6 /* Debug */,
				509108AD13B3616A00938AE6 /* Release */,
			);
			defaultConfigurationIsVisible = 0;
		};
/* End XCConfigurationList section */
	};
	rootObject = 5091086913B3616900938AE6 /* Project object */;
}
